// !$*UTF8*$!
{
	archiveVersion = 1;
	classes = {
	};
	objectVersion = 56;
	objects = {

/* Begin PBXBuildFile section */
		680306922B2DB71D00074F0D /* Global.swift in Sources */ = {isa = PBXBuildFile; fileRef = 680306912B2DB71D00074F0D /* Global.swift */; };
		680306972B2DBD9000074F0D /* CalendarView.swift in Sources */ = {isa = PBXBuildFile; fileRef = 680306962B2DBD9000074F0D /* CalendarView.swift */; };
		680306992B2DBD9E00074F0D /* CalendarView.xib in Resources */ = {isa = PBXBuildFile; fileRef = 680306982B2DBD9E00074F0D /* CalendarView.xib */; };
		681602752D60846A002B377D /* HalfPieView.swift in Sources */ = {isa = PBXBuildFile; fileRef = 681602742D60846A002B377D /* HalfPieView.swift */; };
		6825B2AE2B733B0200712C27 /* KeychainManager.swift in Sources */ = {isa = PBXBuildFile; fileRef = 6825B2AD2B733B0200712C27 /* KeychainManager.swift */; };
		6835D6562BD8E0D100D29E18 /* PrivacyInfo.xcprivacy in Resources */ = {isa = PBXBuildFile; fileRef = 6835D6552BD8E0D100D29E18 /* PrivacyInfo.xcprivacy */; };
		6836C5F82B8EC9D700F3A140 /* DotsAnimation.json in Resources */ = {isa = PBXBuildFile; fileRef = 6836C5F72B8EC9D600F3A140 /* DotsAnimation.json */; };
		683A10852B44D2DA00FB1038 /* SplashImage2.png in Resources */ = {isa = PBXBuildFile; fileRef = 683A10842B44D2DA00FB1038 /* SplashImage2.png */; };
		684811632AF90232008D7B51 /* AppDelegate.swift in Sources */ = {isa = PBXBuildFile; fileRef = 684811622AF90232008D7B51 /* AppDelegate.swift */; };
		684811652AF90232008D7B51 /* SceneDelegate.swift in Sources */ = {isa = PBXBuildFile; fileRef = 684811642AF90232008D7B51 /* SceneDelegate.swift */; };
		6848116C2AF90235008D7B51 /* Assets.xcassets in Resources */ = {isa = PBXBuildFile; fileRef = 6848116B2AF90235008D7B51 /* Assets.xcassets */; };
		6848117A2AF90236008D7B51 /* _11TEN022Tests.swift in Sources */ = {isa = PBXBuildFile; fileRef = 684811792AF90236008D7B51 /* _11TEN022Tests.swift */; };
		684811842AF90236008D7B51 /* _11TEN022UITests.swift in Sources */ = {isa = PBXBuildFile; fileRef = 684811832AF90236008D7B51 /* _11TEN022UITests.swift */; };
		684811862AF90236008D7B51 /* _11TEN022UITestsLaunchTests.swift in Sources */ = {isa = PBXBuildFile; fileRef = 684811852AF90236008D7B51 /* _11TEN022UITestsLaunchTests.swift */; };
		684811A62AF908EB008D7B51 /* TabViewController.swift in Sources */ = {isa = PBXBuildFile; fileRef = 684811A52AF908EB008D7B51 /* TabViewController.swift */; };
		684A89AC2AFA6474009C01E0 /* BoardViewController.swift in Sources */ = {isa = PBXBuildFile; fileRef = 684A89AB2AFA6474009C01E0 /* BoardViewController.swift */; };
		684E93822AFE4B9B0002387A /* ImagePicker.png in Resources */ = {isa = PBXBuildFile; fileRef = 684E937F2AFE4B9B0002387A /* ImagePicker.png */; };
		684E93832AFE4B9B0002387A /* Onboarding.png in Resources */ = {isa = PBXBuildFile; fileRef = 684E93802AFE4B9B0002387A /* Onboarding.png */; };
		684E93872AFE633D0002387A /* StoryboardInitializable.swift in Sources */ = {isa = PBXBuildFile; fileRef = 684E93862AFE633D0002387A /* StoryboardInitializable.swift */; };
		684F71CB2B4F80B1001BD0C8 /* AlertView.swift in Sources */ = {isa = PBXBuildFile; fileRef = 684F71CA2B4F80B1001BD0C8 /* AlertView.swift */; };
		6852C2412D72E421005DDF46 /* Contants.swift in Sources */ = {isa = PBXBuildFile; fileRef = 6852C2402D72E421005DDF46 /* Contants.swift */; };
		6852C2442D747992005DDF46 /* Extension+UIColor.swift in Sources */ = {isa = PBXBuildFile; fileRef = 6852C2432D74798D005DDF46 /* Extension+UIColor.swift */; };
		6852C2462D74799E005DDF46 /* Extension+UIButton.swift in Sources */ = {isa = PBXBuildFile; fileRef = 6852C2452D74799C005DDF46 /* Extension+UIButton.swift */; };
		6852C2482D7479F1005DDF46 /* Extension+UIView.swift in Sources */ = {isa = PBXBuildFile; fileRef = 6852C2472D7479EE005DDF46 /* Extension+UIView.swift */; };
		6852C24C2D747A48005DDF46 /* Extension+UIImage.swift in Sources */ = {isa = PBXBuildFile; fileRef = 6852C24B2D747A42005DDF46 /* Extension+UIImage.swift */; };
		6852C2672D749B28005DDF46 /* Mock.swift in Sources */ = {isa = PBXBuildFile; fileRef = 6852C2662D749B25005DDF46 /* Mock.swift */; };
		6852C2992D772650005DDF46 /* HomeViewModel.swift in Sources */ = {isa = PBXBuildFile; fileRef = 6852C2982D772650005DDF46 /* HomeViewModel.swift */; };
		6858F9A82AFE774800AA48BA /* Goal.swift in Sources */ = {isa = PBXBuildFile; fileRef = 6858F9A72AFE774800AA48BA /* Goal.swift */; };
		6858F9AA2AFE7DCA00AA48BA /* Report.swift in Sources */ = {isa = PBXBuildFile; fileRef = 6858F9A92AFE7DCA00AA48BA /* Report.swift */; };
		685DE8832D31585800C42621 /* Lottie in Frameworks */ = {isa = PBXBuildFile; productRef = 685DE8822D31585800C42621 /* Lottie */; };
		6860E8272B1B65570095C816 /* UserInfo.swift in Sources */ = {isa = PBXBuildFile; fileRef = 6860E8262B1B65570095C816 /* UserInfo.swift */; };
		6860E8292B1B6D470095C816 /* Memo.swift in Sources */ = {isa = PBXBuildFile; fileRef = 6860E8282B1B6D470095C816 /* Memo.swift */; };
		6860E82C2B1B8C530095C816 /* APIRequest.swift in Sources */ = {isa = PBXBuildFile; fileRef = 6860E82B2B1B8C530095C816 /* APIRequest.swift */; };
		6860E82E2B1B8C5E0095C816 /* APIResponse.swift in Sources */ = {isa = PBXBuildFile; fileRef = 6860E82D2B1B8C5E0095C816 /* APIResponse.swift */; };
		6860E8302B1B8C910095C816 /* APIError.swift in Sources */ = {isa = PBXBuildFile; fileRef = 6860E82F2B1B8C910095C816 /* APIError.swift */; };
		6868DFD12B77B4BC00C09867 /* SettingViewController.swift in Sources */ = {isa = PBXBuildFile; fileRef = 6868DFD02B77B4BC00C09867 /* SettingViewController.swift */; };
		6868DFD32B77B99400C09867 /* SettingTableViewCell.swift in Sources */ = {isa = PBXBuildFile; fileRef = 6868DFD22B77B99400C09867 /* SettingTableViewCell.swift */; };
		687E77992AF909FF007C9275 /* Main.storyboard in Resources */ = {isa = PBXBuildFile; fileRef = 687E77972AF909FF007C9275 /* Main.storyboard */; };
		687E779E2AF90B8D007C9275 /* HomeTabViewController.swift in Sources */ = {isa = PBXBuildFile; fileRef = 687E779C2AF90B8C007C9275 /* HomeTabViewController.swift */; };
		687E77A22AF90E30007C9275 /* APIService.swift in Sources */ = {isa = PBXBuildFile; fileRef = 687E77A12AF90E30007C9275 /* APIService.swift */; };
		687E77A52AF90E6D007C9275 /* SignInViewController.swift in Sources */ = {isa = PBXBuildFile; fileRef = 687E77A42AF90E6D007C9275 /* SignInViewController.swift */; };
		687E77A92AF9115D007C9275 /* KakaoSDKAuth in Frameworks */ = {isa = PBXBuildFile; productRef = 687E77A82AF9115D007C9275 /* KakaoSDKAuth */; };
		687E77AB2AF9115D007C9275 /* KakaoSDKCommon in Frameworks */ = {isa = PBXBuildFile; productRef = 687E77AA2AF9115D007C9275 /* KakaoSDKCommon */; };
		687E77AD2AF9115D007C9275 /* KakaoSDKUser in Frameworks */ = {isa = PBXBuildFile; productRef = 687E77AC2AF9115D007C9275 /* KakaoSDKUser */; };
		687E77B02AF91350007C9275 /* APIConfig.swift in Sources */ = {isa = PBXBuildFile; fileRef = 687E77AF2AF91350007C9275 /* APIConfig.swift */; };
		687E77B32AF91EE6007C9275 /* HomeCollectionViewCell.swift in Sources */ = {isa = PBXBuildFile; fileRef = 687E77B22AF91EE6007C9275 /* HomeCollectionViewCell.swift */; };
		68823EF22B57E6C5000DCA94 /* KimjungchulMyungjo-Regular.ttf in Resources */ = {isa = PBXBuildFile; fileRef = 68823EEF2B57E6C5000DCA94 /* KimjungchulMyungjo-Regular.ttf */; };
		68823EF32B57E6C5000DCA94 /* KimjungchulMyungjo-Bold.ttf in Resources */ = {isa = PBXBuildFile; fileRef = 68823EF02B57E6C5000DCA94 /* KimjungchulMyungjo-Bold.ttf */; };
		68823EF42B57E6C5000DCA94 /* KimjungchulMyungjo-Light.ttf in Resources */ = {isa = PBXBuildFile; fileRef = 68823EF12B57E6C5000DCA94 /* KimjungchulMyungjo-Light.ttf */; };
		68854F322B3110270065DD04 /* Board.swift in Sources */ = {isa = PBXBuildFile; fileRef = 68854F312B3110270065DD04 /* Board.swift */; };
		68854F352B31147B0065DD04 /* Kingfisher in Frameworks */ = {isa = PBXBuildFile; productRef = 68854F342B31147B0065DD04 /* Kingfisher */; };
		68854F3B2B31561F0065DD04 /* ReportTabViewController.swift in Sources */ = {isa = PBXBuildFile; fileRef = 68854F3A2B31561F0065DD04 /* ReportTabViewController.swift */; };
		6899848A2AFFE40F007E0F60 /* UserDefaultWrapper.swift in Sources */ = {isa = PBXBuildFile; fileRef = 689984892AFFE40F007E0F60 /* UserDefaultWrapper.swift */; };
		68AB9E692DE59A81007B9C5B /* LaunchScreen.storyboard in Resources */ = {isa = PBXBuildFile; fileRef = 68AB9E672DE59A81007B9C5B /* LaunchScreen.storyboard */; };
		68ADD82F2D89218700D90ADB /* Extension+UIImageView.swift in Sources */ = {isa = PBXBuildFile; fileRef = 68ADD82E2D89218000D90ADB /* Extension+UIImageView.swift */; };
		68B11DC72B52C8A300DD0F40 /* Animation.json in Resources */ = {isa = PBXBuildFile; fileRef = 68B11DC62B52C8A300DD0F40 /* Animation.json */; };
		68B3F83A2B6782390040E62F /* RxSwift in Frameworks */ = {isa = PBXBuildFile; productRef = 68B3F8392B6782390040E62F /* RxSwift */; };
		68B3F83E2B6785390040E62F /* RxAlamofire in Frameworks */ = {isa = PBXBuildFile; productRef = 68B3F83D2B6785390040E62F /* RxAlamofire */; };
		68BC32902B88D5A3007FFF8E /* PieChartView.swift in Sources */ = {isa = PBXBuildFile; fileRef = 68BC328F2B88D5A3007FFF8E /* PieChartView.swift */; };
		68C4C00A2E4AECF30025B749 /* FindUserVC.swift in Sources */ = {isa = PBXBuildFile; fileRef = 68C4C0092E4AECF30025B749 /* FindUserVC.swift */; };
		68C635062B3B0684009AFA65 /* TagCell.swift in Sources */ = {isa = PBXBuildFile; fileRef = 68C635052B3B0684009AFA65 /* TagCell.swift */; };
		68CB94F82BD3938A00526C71 /* BarChartView.swift in Sources */ = {isa = PBXBuildFile; fileRef = 68CB94F72BD3938900526C71 /* BarChartView.swift */; };
		68DE191B2D4DFA6400BAF1B7 /* ReportViewModel.swift in Sources */ = {isa = PBXBuildFile; fileRef = 68DE191A2D4DFA5300BAF1B7 /* ReportViewModel.swift */; };
		68E6C05A2DBD16AB004C1C42 /* SignUpEmailVC.swift in Sources */ = {isa = PBXBuildFile; fileRef = 68E6C0592DBD16A9004C1C42 /* SignUpEmailVC.swift */; };
		68E6C05C2DBD1EFA004C1C42 /* SignUpPWVC.swift in Sources */ = {isa = PBXBuildFile; fileRef = 68E6C05B2DBD1EFA004C1C42 /* SignUpPWVC.swift */; };
		68E6C05E2DBD1F26004C1C42 /* SignUpNameVC.swift in Sources */ = {isa = PBXBuildFile; fileRef = 68E6C05D2DBD1F26004C1C42 /* SignUpNameVC.swift */; };
		68E6C0882DC1D647004C1C42 /* SettingInfoViewController.swift in Sources */ = {isa = PBXBuildFile; fileRef = 68E6C0872DC1D647004C1C42 /* SettingInfoViewController.swift */; };
		68E6C08A2DC36A2C004C1C42 /* SchoolManager.swift in Sources */ = {isa = PBXBuildFile; fileRef = 68E6C0892DC36A24004C1C42 /* SchoolManager.swift */; };
		68E6C08D2DCA07DF004C1C42 /* GoogleSignIn in Frameworks */ = {isa = PBXBuildFile; productRef = 68E6C08C2DCA07DF004C1C42 /* GoogleSignIn */; };
		68F2D3982BC9818A003F7B1C /* BMYEONSUNG.otf in Resources */ = {isa = PBXBuildFile; fileRef = 68F2D3972BC9818A003F7B1C /* BMYEONSUNG.otf */; };
/* End PBXBuildFile section */

/* Begin PBXContainerItemProxy section */
		684811762AF90236008D7B51 /* PBXContainerItemProxy */ = {
			isa = PBXContainerItemProxy;
			containerPortal = 684811572AF90232008D7B51 /* Project object */;
			proxyType = 1;
			remoteGlobalIDString = 6848115E2AF90232008D7B51;
			remoteInfo = 311TEN022;
		};
		684811802AF90236008D7B51 /* PBXContainerItemProxy */ = {
			isa = PBXContainerItemProxy;
			containerPortal = 684811572AF90232008D7B51 /* Project object */;
			proxyType = 1;
			remoteGlobalIDString = 6848115E2AF90232008D7B51;
			remoteInfo = 311TEN022;
		};
/* End PBXContainerItemProxy section */

/* Begin PBXFileReference section */
		680306912B2DB71D00074F0D /* Global.swift */ = {isa = PBXFileReference; lastKnownFileType = sourcecode.swift; path = Global.swift; sourceTree = "<group>"; };
		680306962B2DBD9000074F0D /* CalendarView.swift */ = {isa = PBXFileReference; lastKnownFileType = sourcecode.swift; path = CalendarView.swift; sourceTree = "<group>"; };
		680306982B2DBD9E00074F0D /* CalendarView.xib */ = {isa = PBXFileReference; lastKnownFileType = file.xib; path = CalendarView.xib; sourceTree = "<group>"; };
		681602742D60846A002B377D /* HalfPieView.swift */ = {isa = PBXFileReference; lastKnownFileType = sourcecode.swift; path = HalfPieView.swift; sourceTree = "<group>"; };
		6825B2AD2B733B0200712C27 /* KeychainManager.swift */ = {isa = PBXFileReference; lastKnownFileType = sourcecode.swift; path = KeychainManager.swift; sourceTree = "<group>"; };
		6835D6552BD8E0D100D29E18 /* PrivacyInfo.xcprivacy */ = {isa = PBXFileReference; fileEncoding = 4; lastKnownFileType = text.xml; path = PrivacyInfo.xcprivacy; sourceTree = "<group>"; };
		6836C5F72B8EC9D600F3A140 /* DotsAnimation.json */ = {isa = PBXFileReference; fileEncoding = 4; lastKnownFileType = text.json; path = DotsAnimation.json; sourceTree = "<group>"; };
		683A10842B44D2DA00FB1038 /* SplashImage2.png */ = {isa = PBXFileReference; lastKnownFileType = image.png; name = SplashImage2.png; path = 311TEN022/Assets.xcassets/SplashImage2.png; sourceTree = SOURCE_ROOT; };
		6848115F2AF90232008D7B51 /* 311TEN022.app */ = {isa = PBXFileReference; explicitFileType = wrapper.application; includeInIndex = 0; path = 311TEN022.app; sourceTree = BUILT_PRODUCTS_DIR; };
		684811622AF90232008D7B51 /* AppDelegate.swift */ = {isa = PBXFileReference; lastKnownFileType = sourcecode.swift; path = AppDelegate.swift; sourceTree = "<group>"; };
		684811642AF90232008D7B51 /* SceneDelegate.swift */ = {isa = PBXFileReference; lastKnownFileType = sourcecode.swift; path = SceneDelegate.swift; sourceTree = "<group>"; };
		6848116B2AF90235008D7B51 /* Assets.xcassets */ = {isa = PBXFileReference; lastKnownFileType = folder.assetcatalog; path = Assets.xcassets; sourceTree = "<group>"; };
		684811702AF90235008D7B51 /* Info.plist */ = {isa = PBXFileReference; lastKnownFileType = text.plist.xml; path = Info.plist; sourceTree = "<group>"; };
		684811752AF90236008D7B51 /* 311TEN022Tests.xctest */ = {isa = PBXFileReference; explicitFileType = wrapper.cfbundle; includeInIndex = 0; path = 311TEN022Tests.xctest; sourceTree = BUILT_PRODUCTS_DIR; };
		684811792AF90236008D7B51 /* _11TEN022Tests.swift */ = {isa = PBXFileReference; lastKnownFileType = sourcecode.swift; path = _11TEN022Tests.swift; sourceTree = "<group>"; };
		6848117F2AF90236008D7B51 /* 311TEN022UITests.xctest */ = {isa = PBXFileReference; explicitFileType = wrapper.cfbundle; includeInIndex = 0; path = 311TEN022UITests.xctest; sourceTree = BUILT_PRODUCTS_DIR; };
		684811832AF90236008D7B51 /* _11TEN022UITests.swift */ = {isa = PBXFileReference; lastKnownFileType = sourcecode.swift; path = _11TEN022UITests.swift; sourceTree = "<group>"; };
		684811852AF90236008D7B51 /* _11TEN022UITestsLaunchTests.swift */ = {isa = PBXFileReference; lastKnownFileType = sourcecode.swift; path = _11TEN022UITestsLaunchTests.swift; sourceTree = "<group>"; };
		684811A52AF908EB008D7B51 /* TabViewController.swift */ = {isa = PBXFileReference; lastKnownFileType = sourcecode.swift; path = TabViewController.swift; sourceTree = "<group>"; };
		684A89AB2AFA6474009C01E0 /* BoardViewController.swift */ = {isa = PBXFileReference; lastKnownFileType = sourcecode.swift; path = BoardViewController.swift; sourceTree = "<group>"; };
		684E937F2AFE4B9B0002387A /* ImagePicker.png */ = {isa = PBXFileReference; lastKnownFileType = image.png; path = ImagePicker.png; sourceTree = "<group>"; };
		684E93802AFE4B9B0002387A /* Onboarding.png */ = {isa = PBXFileReference; lastKnownFileType = image.png; path = Onboarding.png; sourceTree = "<group>"; };
		684E93862AFE633D0002387A /* StoryboardInitializable.swift */ = {isa = PBXFileReference; lastKnownFileType = sourcecode.swift; path = StoryboardInitializable.swift; sourceTree = "<group>"; };
		684F71CA2B4F80B1001BD0C8 /* AlertView.swift */ = {isa = PBXFileReference; lastKnownFileType = sourcecode.swift; path = AlertView.swift; sourceTree = "<group>"; };
		6852C2402D72E421005DDF46 /* Contants.swift */ = {isa = PBXFileReference; lastKnownFileType = sourcecode.swift; path = Contants.swift; sourceTree = "<group>"; };
		6852C2432D74798D005DDF46 /* Extension+UIColor.swift */ = {isa = PBXFileReference; lastKnownFileType = sourcecode.swift; path = "Extension+UIColor.swift"; sourceTree = "<group>"; };
		6852C2452D74799C005DDF46 /* Extension+UIButton.swift */ = {isa = PBXFileReference; lastKnownFileType = sourcecode.swift; path = "Extension+UIButton.swift"; sourceTree = "<group>"; };
		6852C2472D7479EE005DDF46 /* Extension+UIView.swift */ = {isa = PBXFileReference; lastKnownFileType = sourcecode.swift; path = "Extension+UIView.swift"; sourceTree = "<group>"; };
		6852C24B2D747A42005DDF46 /* Extension+UIImage.swift */ = {isa = PBXFileReference; lastKnownFileType = sourcecode.swift; path = "Extension+UIImage.swift"; sourceTree = "<group>"; };
		6852C2662D749B25005DDF46 /* Mock.swift */ = {isa = PBXFileReference; lastKnownFileType = sourcecode.swift; path = Mock.swift; sourceTree = "<group>"; };
		6852C2982D772650005DDF46 /* HomeViewModel.swift */ = {isa = PBXFileReference; lastKnownFileType = sourcecode.swift; path = HomeViewModel.swift; sourceTree = "<group>"; };
		6858F9A72AFE774800AA48BA /* Goal.swift */ = {isa = PBXFileReference; lastKnownFileType = sourcecode.swift; path = Goal.swift; sourceTree = "<group>"; };
		6858F9A92AFE7DCA00AA48BA /* Report.swift */ = {isa = PBXFileReference; lastKnownFileType = sourcecode.swift; path = Report.swift; sourceTree = "<group>"; };
		6860E8262B1B65570095C816 /* UserInfo.swift */ = {isa = PBXFileReference; lastKnownFileType = sourcecode.swift; path = UserInfo.swift; sourceTree = "<group>"; };
		6860E8282B1B6D470095C816 /* Memo.swift */ = {isa = PBXFileReference; lastKnownFileType = sourcecode.swift; path = Memo.swift; sourceTree = "<group>"; };
		6860E82B2B1B8C530095C816 /* APIRequest.swift */ = {isa = PBXFileReference; lastKnownFileType = sourcecode.swift; path = APIRequest.swift; sourceTree = "<group>"; };
		6860E82D2B1B8C5E0095C816 /* APIResponse.swift */ = {isa = PBXFileReference; lastKnownFileType = sourcecode.swift; path = APIResponse.swift; sourceTree = "<group>"; };
		6860E82F2B1B8C910095C816 /* APIError.swift */ = {isa = PBXFileReference; lastKnownFileType = sourcecode.swift; path = APIError.swift; sourceTree = "<group>"; };
		6868DFD02B77B4BC00C09867 /* SettingViewController.swift */ = {isa = PBXFileReference; lastKnownFileType = sourcecode.swift; path = SettingViewController.swift; sourceTree = "<group>"; };
		6868DFD22B77B99400C09867 /* SettingTableViewCell.swift */ = {isa = PBXFileReference; lastKnownFileType = sourcecode.swift; path = SettingTableViewCell.swift; sourceTree = "<group>"; };
		687E77982AF909FF007C9275 /* Base */ = {isa = PBXFileReference; lastKnownFileType = file.storyboard; name = Base; path = Base.lproj/Main.storyboard; sourceTree = "<group>"; };
		687E779C2AF90B8C007C9275 /* HomeTabViewController.swift */ = {isa = PBXFileReference; fileEncoding = 4; lastKnownFileType = sourcecode.swift; path = HomeTabViewController.swift; sourceTree = "<group>"; };
		687E77A12AF90E30007C9275 /* APIService.swift */ = {isa = PBXFileReference; lastKnownFileType = sourcecode.swift; path = APIService.swift; sourceTree = "<group>"; };
		687E77A42AF90E6D007C9275 /* SignInViewController.swift */ = {isa = PBXFileReference; lastKnownFileType = sourcecode.swift; path = SignInViewController.swift; sourceTree = "<group>"; };
		687E77A62AF90FC7007C9275 /* 311TEN022.entitlements */ = {isa = PBXFileReference; lastKnownFileType = text.plist.entitlements; path = 311TEN022.entitlements; sourceTree = "<group>"; };
		687E77AF2AF91350007C9275 /* APIConfig.swift */ = {isa = PBXFileReference; lastKnownFileType = sourcecode.swift; path = APIConfig.swift; sourceTree = "<group>"; };
		687E77B22AF91EE6007C9275 /* HomeCollectionViewCell.swift */ = {isa = PBXFileReference; lastKnownFileType = sourcecode.swift; path = HomeCollectionViewCell.swift; sourceTree = "<group>"; };
		68823EEF2B57E6C5000DCA94 /* KimjungchulMyungjo-Regular.ttf */ = {isa = PBXFileReference; lastKnownFileType = file; path = "KimjungchulMyungjo-Regular.ttf"; sourceTree = "<group>"; };
		68823EF02B57E6C5000DCA94 /* KimjungchulMyungjo-Bold.ttf */ = {isa = PBXFileReference; lastKnownFileType = file; path = "KimjungchulMyungjo-Bold.ttf"; sourceTree = "<group>"; };
		68823EF12B57E6C5000DCA94 /* KimjungchulMyungjo-Light.ttf */ = {isa = PBXFileReference; lastKnownFileType = file; path = "KimjungchulMyungjo-Light.ttf"; sourceTree = "<group>"; };
		68854F312B3110270065DD04 /* Board.swift */ = {isa = PBXFileReference; lastKnownFileType = sourcecode.swift; path = Board.swift; sourceTree = "<group>"; };
		68854F3A2B31561F0065DD04 /* ReportTabViewController.swift */ = {isa = PBXFileReference; lastKnownFileType = sourcecode.swift; path = ReportTabViewController.swift; sourceTree = "<group>"; };
		689984892AFFE40F007E0F60 /* UserDefaultWrapper.swift */ = {isa = PBXFileReference; lastKnownFileType = sourcecode.swift; path = UserDefaultWrapper.swift; sourceTree = "<group>"; };
		68AB9E682DE59A81007B9C5B /* Base */ = {isa = PBXFileReference; lastKnownFileType = file.storyboard; name = Base; path = Base.lproj/LaunchScreen.storyboard; sourceTree = "<group>"; };
		68ADD82E2D89218000D90ADB /* Extension+UIImageView.swift */ = {isa = PBXFileReference; lastKnownFileType = sourcecode.swift; path = "Extension+UIImageView.swift"; sourceTree = "<group>"; };
		68B11DC62B52C8A300DD0F40 /* Animation.json */ = {isa = PBXFileReference; fileEncoding = 4; lastKnownFileType = text.json; path = Animation.json; sourceTree = "<group>"; };
		68BC328F2B88D5A3007FFF8E /* PieChartView.swift */ = {isa = PBXFileReference; lastKnownFileType = sourcecode.swift; path = PieChartView.swift; sourceTree = "<group>"; };
		68C4C0092E4AECF30025B749 /* FindUserVC.swift */ = {isa = PBXFileReference; lastKnownFileType = sourcecode.swift; path = FindUserVC.swift; sourceTree = "<group>"; };
		68C635052B3B0684009AFA65 /* TagCell.swift */ = {isa = PBXFileReference; lastKnownFileType = sourcecode.swift; path = TagCell.swift; sourceTree = "<group>"; };
		68CB94F72BD3938900526C71 /* BarChartView.swift */ = {isa = PBXFileReference; lastKnownFileType = sourcecode.swift; path = BarChartView.swift; sourceTree = "<group>"; };
		68DE191A2D4DFA5300BAF1B7 /* ReportViewModel.swift */ = {isa = PBXFileReference; lastKnownFileType = sourcecode.swift; path = ReportViewModel.swift; sourceTree = "<group>"; };
		68E6C0592DBD16A9004C1C42 /* SignUpEmailVC.swift */ = {isa = PBXFileReference; lastKnownFileType = sourcecode.swift; path = SignUpEmailVC.swift; sourceTree = "<group>"; };
		68E6C05B2DBD1EFA004C1C42 /* SignUpPWVC.swift */ = {isa = PBXFileReference; lastKnownFileType = sourcecode.swift; path = SignUpPWVC.swift; sourceTree = "<group>"; };
		68E6C05D2DBD1F26004C1C42 /* SignUpNameVC.swift */ = {isa = PBXFileReference; lastKnownFileType = sourcecode.swift; path = SignUpNameVC.swift; sourceTree = "<group>"; };
		68E6C0872DC1D647004C1C42 /* SettingInfoViewController.swift */ = {isa = PBXFileReference; lastKnownFileType = sourcecode.swift; path = SettingInfoViewController.swift; sourceTree = "<group>"; };
		68E6C0892DC36A24004C1C42 /* SchoolManager.swift */ = {isa = PBXFileReference; lastKnownFileType = sourcecode.swift; path = SchoolManager.swift; sourceTree = "<group>"; };
		68F2D3972BC9818A003F7B1C /* BMYEONSUNG.otf */ = {isa = PBXFileReference; lastKnownFileType = file; path = BMYEONSUNG.otf; sourceTree = "<group>"; };
/* End PBXFileReference section */

/* Begin PBXFrameworksBuildPhase section */
		6848115C2AF90232008D7B51 /* Frameworks */ = {
			isa = PBXFrameworksBuildPhase;
			buildActionMask = 2147483647;
			files = (
				687E77AB2AF9115D007C9275 /* KakaoSDKCommon in Frameworks */,
				68E6C08D2DCA07DF004C1C42 /* GoogleSignIn in Frameworks */,
				687E77A92AF9115D007C9275 /* KakaoSDKAuth in Frameworks */,
				687E77AD2AF9115D007C9275 /* KakaoSDKUser in Frameworks */,
				68854F352B31147B0065DD04 /* Kingfisher in Frameworks */,
				68B3F83E2B6785390040E62F /* RxAlamofire in Frameworks */,
				68B3F83A2B6782390040E62F /* RxSwift in Frameworks */,
				685DE8832D31585800C42621 /* Lottie in Frameworks */,
			);
			runOnlyForDeploymentPostprocessing = 0;
		};
		684811722AF90236008D7B51 /* Frameworks */ = {
			isa = PBXFrameworksBuildPhase;
			buildActionMask = 2147483647;
			files = (
			);
			runOnlyForDeploymentPostprocessing = 0;
		};
		6848117C2AF90236008D7B51 /* Frameworks */ = {
			isa = PBXFrameworksBuildPhase;
			buildActionMask = 2147483647;
			files = (
			);
			runOnlyForDeploymentPostprocessing = 0;
		};
/* End PBXFrameworksBuildPhase section */

/* Begin PBXGroup section */
		680306932B2DBCCB00074F0D /* View */ = {
			isa = PBXGroup;
			children = (
				680306962B2DBD9000074F0D /* CalendarView.swift */,
				680306982B2DBD9E00074F0D /* CalendarView.xib */,
				684F71CA2B4F80B1001BD0C8 /* AlertView.swift */,
				68BC328F2B88D5A3007FFF8E /* PieChartView.swift */,
				68CB94F72BD3938900526C71 /* BarChartView.swift */,
				681602742D60846A002B377D /* HalfPieView.swift */,
			);
			path = View;
			sourceTree = "<group>";
		};
		6825B2AC2B733AD900712C27 /* Manager */ = {
			isa = PBXGroup;
			children = (
				68E6C0892DC36A24004C1C42 /* SchoolManager.swift */,
				6825B2AD2B733B0200712C27 /* KeychainManager.swift */,
			);
			path = Manager;
			sourceTree = "<group>";
		};
		6835F19B2B5F952200B96384 /* ViewModel */ = {
			isa = PBXGroup;
			children = (
				68DE191A2D4DFA5300BAF1B7 /* ReportViewModel.swift */,
				6852C2982D772650005DDF46 /* HomeViewModel.swift */,
			);
			path = ViewModel;
			sourceTree = "<group>";
		};
		684811562AF90232008D7B51 = {
			isa = PBXGroup;
			children = (
				684811612AF90232008D7B51 /* 311TEN022 */,
				684811782AF90236008D7B51 /* 311TEN022Tests */,
				684811822AF90236008D7B51 /* 311TEN022UITests */,
				684811602AF90232008D7B51 /* Products */,
				68B3F8382B6782390040E62F /* Frameworks */,
			);
			sourceTree = "<group>";
		};
		684811602AF90232008D7B51 /* Products */ = {
			isa = PBXGroup;
			children = (
				6848115F2AF90232008D7B51 /* 311TEN022.app */,
				684811752AF90236008D7B51 /* 311TEN022Tests.xctest */,
				6848117F2AF90236008D7B51 /* 311TEN022UITests.xctest */,
			);
			name = Products;
			sourceTree = "<group>";
		};
		684811612AF90232008D7B51 /* 311TEN022 */ = {
			isa = PBXGroup;
			children = (
				6835F19B2B5F952200B96384 /* ViewModel */,
				684811A22AF907B6008D7B51 /* ViewController */,
				6852C2422D747949005DDF46 /* Extension */,
				6825B2AC2B733AD900712C27 /* Manager */,
				680306932B2DBCCB00074F0D /* View */,
				6860E82A2B1B7AA80095C816 /* Networking */,
				6858F9A62AFE773500AA48BA /* Model */,
				684E937C2AFE4B540002387A /* Resources */,
				687FB0732AFBAC92004C95E7 /* Common */,
				684811622AF90232008D7B51 /* AppDelegate.swift */,
				684811642AF90232008D7B51 /* SceneDelegate.swift */,
				68AB9E672DE59A81007B9C5B /* LaunchScreen.storyboard */,
				6848116B2AF90235008D7B51 /* Assets.xcassets */,
				687E77972AF909FF007C9275 /* Main.storyboard */,
				687E77A62AF90FC7007C9275 /* 311TEN022.entitlements */,
				684811702AF90235008D7B51 /* Info.plist */,
				6860E8282B1B6D470095C816 /* Memo.swift */,
			);
			path = 311TEN022;
			sourceTree = "<group>";
		};
		684811782AF90236008D7B51 /* 311TEN022Tests */ = {
			isa = PBXGroup;
			children = (
				684811792AF90236008D7B51 /* _11TEN022Tests.swift */,
			);
			path = 311TEN022Tests;
			sourceTree = "<group>";
		};
		684811822AF90236008D7B51 /* 311TEN022UITests */ = {
			isa = PBXGroup;
			children = (
				684811832AF90236008D7B51 /* _11TEN022UITests.swift */,
				684811852AF90236008D7B51 /* _11TEN022UITestsLaunchTests.swift */,
			);
			path = 311TEN022UITests;
			sourceTree = "<group>";
		};
		684811A22AF907B6008D7B51 /* ViewController */ = {
			isa = PBXGroup;
			children = (
				68E6C0582DBD169D004C1C42 /* SignUpViewController */,
				687E77A32AF90E42007C9275 /* TabViewController */,
				687E77A42AF90E6D007C9275 /* SignInViewController.swift */,
				684811A52AF908EB008D7B51 /* TabViewController.swift */,
				684E93862AFE633D0002387A /* StoryboardInitializable.swift */,
			);
			path = ViewController;
			sourceTree = "<group>";
		};
		68499A9C2B3DAFC30094FAAA /* Home */ = {
			isa = PBXGroup;
			children = (
				687E779C2AF90B8C007C9275 /* HomeTabViewController.swift */,
				687E77B22AF91EE6007C9275 /* HomeCollectionViewCell.swift */,
				6868DFD02B77B4BC00C09867 /* SettingViewController.swift */,
				6868DFD22B77B99400C09867 /* SettingTableViewCell.swift */,
				68E6C0872DC1D647004C1C42 /* SettingInfoViewController.swift */,
			);
			path = Home;
			sourceTree = "<group>";
		};
		68499A9D2B3DAFC70094FAAA /* Board */ = {
			isa = PBXGroup;
			children = (
				684A89AB2AFA6474009C01E0 /* BoardViewController.swift */,
				68C635052B3B0684009AFA65 /* TagCell.swift */,
			);
			path = Board;
			sourceTree = "<group>";
		};
		68499A9E2B3DAFCF0094FAAA /* Report */ = {
			isa = PBXGroup;
			children = (
				68854F3A2B31561F0065DD04 /* ReportTabViewController.swift */,
			);
			path = Report;
			sourceTree = "<group>";
		};
		684E937C2AFE4B540002387A /* Resources */ = {
			isa = PBXGroup;
			children = (
				6835D6552BD8E0D100D29E18 /* PrivacyInfo.xcprivacy */,
				6836C5F72B8EC9D600F3A140 /* DotsAnimation.json */,
				68B11DC62B52C8A300DD0F40 /* Animation.json */,
				68823EEE2B57E6B1000DCA94 /* Font */,
				684E937D2AFE4B5D0002387A /* Img */,
			);
			path = Resources;
			sourceTree = "<group>";
		};
		684E937D2AFE4B5D0002387A /* Img */ = {
			isa = PBXGroup;
			children = (
				683A10842B44D2DA00FB1038 /* SplashImage2.png */,
				684E937F2AFE4B9B0002387A /* ImagePicker.png */,
				684E93802AFE4B9B0002387A /* Onboarding.png */,
			);
			path = Img;
			sourceTree = "<group>";
		};
		6852C2422D747949005DDF46 /* Extension */ = {
			isa = PBXGroup;
			children = (
				68ADD82E2D89218000D90ADB /* Extension+UIImageView.swift */,
				6852C24B2D747A42005DDF46 /* Extension+UIImage.swift */,
				6852C2472D7479EE005DDF46 /* Extension+UIView.swift */,
				6852C2452D74799C005DDF46 /* Extension+UIButton.swift */,
				6852C2432D74798D005DDF46 /* Extension+UIColor.swift */,
			);
			path = Extension;
			sourceTree = "<group>";
		};
		6858F9A62AFE773500AA48BA /* Model */ = {
			isa = PBXGroup;
			children = (
				68854F312B3110270065DD04 /* Board.swift */,
				6858F9A72AFE774800AA48BA /* Goal.swift */,
				6858F9A92AFE7DCA00AA48BA /* Report.swift */,
				689984892AFFE40F007E0F60 /* UserDefaultWrapper.swift */,
				6860E8262B1B65570095C816 /* UserInfo.swift */,
			);
			path = Model;
			sourceTree = "<group>";
		};
		6860E82A2B1B7AA80095C816 /* Networking */ = {
			isa = PBXGroup;
			children = (
				687E77AF2AF91350007C9275 /* APIConfig.swift */,
				687E77A12AF90E30007C9275 /* APIService.swift */,
				6860E82B2B1B8C530095C816 /* APIRequest.swift */,
				6860E82D2B1B8C5E0095C816 /* APIResponse.swift */,
				6860E82F2B1B8C910095C816 /* APIError.swift */,
			);
			path = Networking;
			sourceTree = "<group>";
		};
		687E77A32AF90E42007C9275 /* TabViewController */ = {
			isa = PBXGroup;
			children = (
				68499A9C2B3DAFC30094FAAA /* Home */,
				68499A9D2B3DAFC70094FAAA /* Board */,
				68499A9E2B3DAFCF0094FAAA /* Report */,
			);
			path = TabViewController;
			sourceTree = "<group>";
		};
		687FB0732AFBAC92004C95E7 /* Common */ = {
			isa = PBXGroup;
			children = (
				6852C2662D749B25005DDF46 /* Mock.swift */,
				680306912B2DB71D00074F0D /* Global.swift */,
				6852C2402D72E421005DDF46 /* Contants.swift */,
			);
			path = Common;
			sourceTree = "<group>";
		};
		68823EEE2B57E6B1000DCA94 /* Font */ = {
			isa = PBXGroup;
			children = (
				68F2D3972BC9818A003F7B1C /* BMYEONSUNG.otf */,
				68823EF02B57E6C5000DCA94 /* KimjungchulMyungjo-Bold.ttf */,
				68823EF12B57E6C5000DCA94 /* KimjungchulMyungjo-Light.ttf */,
				68823EEF2B57E6C5000DCA94 /* KimjungchulMyungjo-Regular.ttf */,
			);
			path = Font;
			sourceTree = "<group>";
		};
		68B3F8382B6782390040E62F /* Frameworks */ = {
			isa = PBXGroup;
			children = (
			);
			name = Frameworks;
			sourceTree = "<group>";
		};
		68E6C0582DBD169D004C1C42 /* SignUpViewController */ = {
			isa = PBXGroup;
			children = (
				68E6C05D2DBD1F26004C1C42 /* SignUpNameVC.swift */,
				68E6C05B2DBD1EFA004C1C42 /* SignUpPWVC.swift */,
				68E6C0592DBD16A9004C1C42 /* SignUpEmailVC.swift */,
				68C4C0092E4AECF30025B749 /* FindUserVC.swift */,
			);
			path = SignUpViewController;
			sourceTree = "<group>";
		};
/* End PBXGroup section */

/* Begin PBXNativeTarget section */
		6848115E2AF90232008D7B51 /* 311TEN022 */ = {
			isa = PBXNativeTarget;
			buildConfigurationList = 684811892AF90236008D7B51 /* Build configuration list for PBXNativeTarget "311TEN022" */;
			buildPhases = (
				6848115B2AF90232008D7B51 /* Sources */,
				6848115C2AF90232008D7B51 /* Frameworks */,
				6848115D2AF90232008D7B51 /* Resources */,
			);
			buildRules = (
			);
			dependencies = (
			);
			name = 311TEN022;
			packageProductDependencies = (
				687E77A82AF9115D007C9275 /* KakaoSDKAuth */,
				687E77AA2AF9115D007C9275 /* KakaoSDKCommon */,
				687E77AC2AF9115D007C9275 /* KakaoSDKUser */,
				68854F342B31147B0065DD04 /* Kingfisher */,
				68B3F8392B6782390040E62F /* RxSwift */,
				68B3F83D2B6785390040E62F /* RxAlamofire */,
				685DE8822D31585800C42621 /* Lottie */,
				68E6C08C2DCA07DF004C1C42 /* GoogleSignIn */,
			);
			productName = 311TEN022;
			productReference = 6848115F2AF90232008D7B51 /* 311TEN022.app */;
			productType = "com.apple.product-type.application";
		};
		684811742AF90236008D7B51 /* 311TEN022Tests */ = {
			isa = PBXNativeTarget;
			buildConfigurationList = 6848118C2AF90236008D7B51 /* Build configuration list for PBXNativeTarget "311TEN022Tests" */;
			buildPhases = (
				684811712AF90236008D7B51 /* Sources */,
				684811722AF90236008D7B51 /* Frameworks */,
				684811732AF90236008D7B51 /* Resources */,
			);
			buildRules = (
			);
			dependencies = (
				684811772AF90236008D7B51 /* PBXTargetDependency */,
			);
			name = 311TEN022Tests;
			productName = 311TEN022Tests;
			productReference = 684811752AF90236008D7B51 /* 311TEN022Tests.xctest */;
			productType = "com.apple.product-type.bundle.unit-test";
		};
		6848117E2AF90236008D7B51 /* 311TEN022UITests */ = {
			isa = PBXNativeTarget;
			buildConfigurationList = 6848118F2AF90236008D7B51 /* Build configuration list for PBXNativeTarget "311TEN022UITests" */;
			buildPhases = (
				6848117B2AF90236008D7B51 /* Sources */,
				6848117C2AF90236008D7B51 /* Frameworks */,
				6848117D2AF90236008D7B51 /* Resources */,
			);
			buildRules = (
			);
			dependencies = (
				684811812AF90236008D7B51 /* PBXTargetDependency */,
			);
			name = 311TEN022UITests;
			productName = 311TEN022UITests;
			productReference = 6848117F2AF90236008D7B51 /* 311TEN022UITests.xctest */;
			productType = "com.apple.product-type.bundle.ui-testing";
		};
/* End PBXNativeTarget section */

/* Begin PBXProject section */
		684811572AF90232008D7B51 /* Project object */ = {
			isa = PBXProject;
			attributes = {
				BuildIndependentTargetsInParallel = 1;
				LastSwiftUpdateCheck = 1500;
				LastUpgradeCheck = 1500;
				TargetAttributes = {
					6848115E2AF90232008D7B51 = {
						CreatedOnToolsVersion = 15.0.1;
					};
					684811742AF90236008D7B51 = {
						CreatedOnToolsVersion = 15.0.1;
						TestTargetID = 6848115E2AF90232008D7B51;
					};
					6848117E2AF90236008D7B51 = {
						CreatedOnToolsVersion = 15.0.1;
						TestTargetID = 6848115E2AF90232008D7B51;
					};
				};
			};
			buildConfigurationList = 6848115A2AF90232008D7B51 /* Build configuration list for PBXProject "311TEN022" */;
			compatibilityVersion = "Xcode 14.0";
			developmentRegion = en;
			hasScannedForEncodings = 0;
			knownRegions = (
				en,
				Base,
			);
			mainGroup = 684811562AF90232008D7B51;
			packageReferences = (
				687E77A72AF9115D007C9275 /* XCRemoteSwiftPackageReference "kakao-ios-sdk" */,
				68854F332B31147B0065DD04 /* XCRemoteSwiftPackageReference "Kingfisher" */,
				6835F19A2B5F507E00B96384 /* XCRemoteSwiftPackageReference "RxSwift" */,
				68B3F83C2B6785390040E62F /* XCRemoteSwiftPackageReference "RxAlamofire" */,
				685DE8812D31582800C42621 /* XCRemoteSwiftPackageReference "lottie-ios" */,
				68E6C08B2DCA03BE004C1C42 /* XCRemoteSwiftPackageReference "GoogleSignIn-iOS" */,
			);
			productRefGroup = 684811602AF90232008D7B51 /* Products */;
			projectDirPath = "";
			projectRoot = "";
			targets = (
				6848115E2AF90232008D7B51 /* 311TEN022 */,
				684811742AF90236008D7B51 /* 311TEN022Tests */,
				6848117E2AF90236008D7B51 /* 311TEN022UITests */,
			);
		};
/* End PBXProject section */

/* Begin PBXResourcesBuildPhase section */
		6848115D2AF90232008D7B51 /* Resources */ = {
			isa = PBXResourcesBuildPhase;
			buildActionMask = 2147483647;
			files = (
				684E93832AFE4B9B0002387A /* Onboarding.png in Resources */,
				68823EF22B57E6C5000DCA94 /* KimjungchulMyungjo-Regular.ttf in Resources */,
				68823EF42B57E6C5000DCA94 /* KimjungchulMyungjo-Light.ttf in Resources */,
				68AB9E692DE59A81007B9C5B /* LaunchScreen.storyboard in Resources */,
				68F2D3982BC9818A003F7B1C /* BMYEONSUNG.otf in Resources */,
				684E93822AFE4B9B0002387A /* ImagePicker.png in Resources */,
				68823EF32B57E6C5000DCA94 /* KimjungchulMyungjo-Bold.ttf in Resources */,
				683A10852B44D2DA00FB1038 /* SplashImage2.png in Resources */,
				6835D6562BD8E0D100D29E18 /* PrivacyInfo.xcprivacy in Resources */,
				680306992B2DBD9E00074F0D /* CalendarView.xib in Resources */,
				6836C5F82B8EC9D700F3A140 /* DotsAnimation.json in Resources */,
				6848116C2AF90235008D7B51 /* Assets.xcassets in Resources */,
				68B11DC72B52C8A300DD0F40 /* Animation.json in Resources */,
				687E77992AF909FF007C9275 /* Main.storyboard in Resources */,
			);
			runOnlyForDeploymentPostprocessing = 0;
		};
		684811732AF90236008D7B51 /* Resources */ = {
			isa = PBXResourcesBuildPhase;
			buildActionMask = 2147483647;
			files = (
			);
			runOnlyForDeploymentPostprocessing = 0;
		};
		6848117D2AF90236008D7B51 /* Resources */ = {
			isa = PBXResourcesBuildPhase;
			buildActionMask = 2147483647;
			files = (
			);
			runOnlyForDeploymentPostprocessing = 0;
		};
/* End PBXResourcesBuildPhase section */

/* Begin PBXSourcesBuildPhase section */
		6848115B2AF90232008D7B51 /* Sources */ = {
			isa = PBXSourcesBuildPhase;
			buildActionMask = 2147483647;
			files = (
				681602752D60846A002B377D /* HalfPieView.swift in Sources */,
				6858F9AA2AFE7DCA00AA48BA /* Report.swift in Sources */,
				684811632AF90232008D7B51 /* AppDelegate.swift in Sources */,
				6868DFD32B77B99400C09867 /* SettingTableViewCell.swift in Sources */,
				680306972B2DBD9000074F0D /* CalendarView.swift in Sources */,
				684A89AC2AFA6474009C01E0 /* BoardViewController.swift in Sources */,
				68E6C0882DC1D647004C1C42 /* SettingInfoViewController.swift in Sources */,
				684811652AF90232008D7B51 /* SceneDelegate.swift in Sources */,
				68ADD82F2D89218700D90ADB /* Extension+UIImageView.swift in Sources */,
				684F71CB2B4F80B1001BD0C8 /* AlertView.swift in Sources */,
				687E77A22AF90E30007C9275 /* APIService.swift in Sources */,
				680306922B2DB71D00074F0D /* Global.swift in Sources */,
				6852C2442D747992005DDF46 /* Extension+UIColor.swift in Sources */,
				6852C24C2D747A48005DDF46 /* Extension+UIImage.swift in Sources */,
				6852C2672D749B28005DDF46 /* Mock.swift in Sources */,
				687E77A52AF90E6D007C9275 /* SignInViewController.swift in Sources */,
				6858F9A82AFE774800AA48BA /* Goal.swift in Sources */,
				687E77B32AF91EE6007C9275 /* HomeCollectionViewCell.swift in Sources */,
				68854F3B2B31561F0065DD04 /* ReportTabViewController.swift in Sources */,
				6825B2AE2B733B0200712C27 /* KeychainManager.swift in Sources */,
				68BC32902B88D5A3007FFF8E /* PieChartView.swift in Sources */,
				6852C2992D772650005DDF46 /* HomeViewModel.swift in Sources */,
				6899848A2AFFE40F007E0F60 /* UserDefaultWrapper.swift in Sources */,
				68CB94F82BD3938A00526C71 /* BarChartView.swift in Sources */,
				68C4C00A2E4AECF30025B749 /* FindUserVC.swift in Sources */,
				684E93872AFE633D0002387A /* StoryboardInitializable.swift in Sources */,
				6852C2412D72E421005DDF46 /* Contants.swift in Sources */,
				6860E82E2B1B8C5E0095C816 /* APIResponse.swift in Sources */,
				68E6C05A2DBD16AB004C1C42 /* SignUpEmailVC.swift in Sources */,
				68854F322B3110270065DD04 /* Board.swift in Sources */,
				6852C2462D74799E005DDF46 /* Extension+UIButton.swift in Sources */,
				68C635062B3B0684009AFA65 /* TagCell.swift in Sources */,
				6852C2482D7479F1005DDF46 /* Extension+UIView.swift in Sources */,
				687E77B02AF91350007C9275 /* APIConfig.swift in Sources */,
				68E6C08A2DC36A2C004C1C42 /* SchoolManager.swift in Sources */,
				684811A62AF908EB008D7B51 /* TabViewController.swift in Sources */,
				687E779E2AF90B8D007C9275 /* HomeTabViewController.swift in Sources */,
				6860E8272B1B65570095C816 /* UserInfo.swift in Sources */,
				68E6C05E2DBD1F26004C1C42 /* SignUpNameVC.swift in Sources */,
				6868DFD12B77B4BC00C09867 /* SettingViewController.swift in Sources */,
				68DE191B2D4DFA6400BAF1B7 /* ReportViewModel.swift in Sources */,
				68E6C05C2DBD1EFA004C1C42 /* SignUpPWVC.swift in Sources */,
				6860E82C2B1B8C530095C816 /* APIRequest.swift in Sources */,
				6860E8292B1B6D470095C816 /* Memo.swift in Sources */,
				6860E8302B1B8C910095C816 /* APIError.swift in Sources */,
			);
			runOnlyForDeploymentPostprocessing = 0;
		};
		684811712AF90236008D7B51 /* Sources */ = {
			isa = PBXSourcesBuildPhase;
			buildActionMask = 2147483647;
			files = (
				6848117A2AF90236008D7B51 /* _11TEN022Tests.swift in Sources */,
			);
			runOnlyForDeploymentPostprocessing = 0;
		};
		6848117B2AF90236008D7B51 /* Sources */ = {
			isa = PBXSourcesBuildPhase;
			buildActionMask = 2147483647;
			files = (
				684811842AF90236008D7B51 /* _11TEN022UITests.swift in Sources */,
				684811862AF90236008D7B51 /* _11TEN022UITestsLaunchTests.swift in Sources */,
			);
			runOnlyForDeploymentPostprocessing = 0;
		};
/* End PBXSourcesBuildPhase section */

/* Begin PBXTargetDependency section */
		684811772AF90236008D7B51 /* PBXTargetDependency */ = {
			isa = PBXTargetDependency;
			target = 6848115E2AF90232008D7B51 /* 311TEN022 */;
			targetProxy = 684811762AF90236008D7B51 /* PBXContainerItemProxy */;
		};
		684811812AF90236008D7B51 /* PBXTargetDependency */ = {
			isa = PBXTargetDependency;
			target = 6848115E2AF90232008D7B51 /* 311TEN022 */;
			targetProxy = 684811802AF90236008D7B51 /* PBXContainerItemProxy */;
		};
/* End PBXTargetDependency section */

/* Begin PBXVariantGroup section */
		687E77972AF909FF007C9275 /* Main.storyboard */ = {
			isa = PBXVariantGroup;
			children = (
				687E77982AF909FF007C9275 /* Base */,
			);
			name = Main.storyboard;
			sourceTree = "<group>";
		};
		68AB9E672DE59A81007B9C5B /* LaunchScreen.storyboard */ = {
			isa = PBXVariantGroup;
			children = (
				68AB9E682DE59A81007B9C5B /* Base */,
			);
			name = LaunchScreen.storyboard;
			sourceTree = "<group>";
		};
/* End PBXVariantGroup section */

/* Begin XCBuildConfiguration section */
		684811872AF90236008D7B51 /* Debug */ = {
			isa = XCBuildConfiguration;
			buildSettings = {
				ALWAYS_SEARCH_USER_PATHS = NO;
				ASSETCATALOG_COMPILER_GENERATE_SWIFT_ASSET_SYMBOL_EXTENSIONS = YES;
				CLANG_ANALYZER_NONNULL = YES;
				CLANG_ANALYZER_NUMBER_OBJECT_CONVERSION = YES_AGGRESSIVE;
				CLANG_CXX_LANGUAGE_STANDARD = "gnu++20";
				CLANG_ENABLE_MODULES = YES;
				CLANG_ENABLE_OBJC_ARC = YES;
				CLANG_ENABLE_OBJC_WEAK = YES;
				CLANG_WARN_BLOCK_CAPTURE_AUTORELEASING = YES;
				CLANG_WARN_BOOL_CONVERSION = YES;
				CLANG_WARN_COMMA = YES;
				CLANG_WARN_CONSTANT_CONVERSION = YES;
				CLANG_WARN_DEPRECATED_OBJC_IMPLEMENTATIONS = YES;
				CLANG_WARN_DIRECT_OBJC_ISA_USAGE = YES_ERROR;
				CLANG_WARN_DOCUMENTATION_COMMENTS = YES;
				CLANG_WARN_EMPTY_BODY = YES;
				CLANG_WARN_ENUM_CONVERSION = YES;
				CLANG_WARN_INFINITE_RECURSION = YES;
				CLANG_WARN_INT_CONVERSION = YES;
				CLANG_WARN_NON_LITERAL_NULL_CONVERSION = YES;
				CLANG_WARN_OBJC_IMPLICIT_RETAIN_SELF = YES;
				CLANG_WARN_OBJC_LITERAL_CONVERSION = YES;
				CLANG_WARN_OBJC_ROOT_CLASS = YES_ERROR;
				CLANG_WARN_QUOTED_INCLUDE_IN_FRAMEWORK_HEADER = YES;
				CLANG_WARN_RANGE_LOOP_ANALYSIS = YES;
				CLANG_WARN_STRICT_PROTOTYPES = YES;
				CLANG_WARN_SUSPICIOUS_MOVE = YES;
				CLANG_WARN_UNGUARDED_AVAILABILITY = YES_AGGRESSIVE;
				CLANG_WARN_UNREACHABLE_CODE = YES;
				CLANG_WARN__DUPLICATE_METHOD_MATCH = YES;
				COPY_PHASE_STRIP = NO;
				DEBUG_INFORMATION_FORMAT = dwarf;
				ENABLE_STRICT_OBJC_MSGSEND = YES;
				ENABLE_TESTABILITY = YES;
				ENABLE_USER_SCRIPT_SANDBOXING = YES;
				GCC_C_LANGUAGE_STANDARD = gnu17;
				GCC_DYNAMIC_NO_PIC = NO;
				GCC_NO_COMMON_BLOCKS = YES;
				GCC_OPTIMIZATION_LEVEL = 0;
				GCC_PREPROCESSOR_DEFINITIONS = (
					"DEBUG=1",
					"$(inherited)",
				);
				GCC_WARN_64_TO_32_BIT_CONVERSION = YES;
				GCC_WARN_ABOUT_RETURN_TYPE = YES_ERROR;
				GCC_WARN_UNDECLARED_SELECTOR = YES;
				GCC_WARN_UNINITIALIZED_AUTOS = YES_AGGRESSIVE;
				GCC_WARN_UNUSED_FUNCTION = YES;
				GCC_WARN_UNUSED_VARIABLE = YES;
				IPHONEOS_DEPLOYMENT_TARGET = 17.0;
				LOCALIZATION_PREFERS_STRING_CATALOGS = YES;
				MTL_ENABLE_DEBUG_INFO = INCLUDE_SOURCE;
				MTL_FAST_MATH = YES;
				ONLY_ACTIVE_ARCH = YES;
				SDKROOT = iphoneos;
				SWIFT_ACTIVE_COMPILATION_CONDITIONS = "DEBUG $(inherited)";
				SWIFT_OPTIMIZATION_LEVEL = "-Onone";
			};
			name = Debug;
		};
		684811882AF90236008D7B51 /* Release */ = {
			isa = XCBuildConfiguration;
			buildSettings = {
				ALWAYS_SEARCH_USER_PATHS = NO;
				ASSETCATALOG_COMPILER_GENERATE_SWIFT_ASSET_SYMBOL_EXTENSIONS = YES;
				CLANG_ANALYZER_NONNULL = YES;
				CLANG_ANALYZER_NUMBER_OBJECT_CONVERSION = YES_AGGRESSIVE;
				CLANG_CXX_LANGUAGE_STANDARD = "gnu++20";
				CLANG_ENABLE_MODULES = YES;
				CLANG_ENABLE_OBJC_ARC = YES;
				CLANG_ENABLE_OBJC_WEAK = YES;
				CLANG_WARN_BLOCK_CAPTURE_AUTORELEASING = YES;
				CLANG_WARN_BOOL_CONVERSION = YES;
				CLANG_WARN_COMMA = YES;
				CLANG_WARN_CONSTANT_CONVERSION = YES;
				CLANG_WARN_DEPRECATED_OBJC_IMPLEMENTATIONS = YES;
				CLANG_WARN_DIRECT_OBJC_ISA_USAGE = YES_ERROR;
				CLANG_WARN_DOCUMENTATION_COMMENTS = YES;
				CLANG_WARN_EMPTY_BODY = YES;
				CLANG_WARN_ENUM_CONVERSION = YES;
				CLANG_WARN_INFINITE_RECURSION = YES;
				CLANG_WARN_INT_CONVERSION = YES;
				CLANG_WARN_NON_LITERAL_NULL_CONVERSION = YES;
				CLANG_WARN_OBJC_IMPLICIT_RETAIN_SELF = YES;
				CLANG_WARN_OBJC_LITERAL_CONVERSION = YES;
				CLANG_WARN_OBJC_ROOT_CLASS = YES_ERROR;
				CLANG_WARN_QUOTED_INCLUDE_IN_FRAMEWORK_HEADER = YES;
				CLANG_WARN_RANGE_LOOP_ANALYSIS = YES;
				CLANG_WARN_STRICT_PROTOTYPES = YES;
				CLANG_WARN_SUSPICIOUS_MOVE = YES;
				CLANG_WARN_UNGUARDED_AVAILABILITY = YES_AGGRESSIVE;
				CLANG_WARN_UNREACHABLE_CODE = YES;
				CLANG_WARN__DUPLICATE_METHOD_MATCH = YES;
				COPY_PHASE_STRIP = NO;
				DEBUG_INFORMATION_FORMAT = "dwarf-with-dsym";
				ENABLE_NS_ASSERTIONS = NO;
				ENABLE_STRICT_OBJC_MSGSEND = YES;
				ENABLE_USER_SCRIPT_SANDBOXING = YES;
				GCC_C_LANGUAGE_STANDARD = gnu17;
				GCC_NO_COMMON_BLOCKS = YES;
				GCC_WARN_64_TO_32_BIT_CONVERSION = YES;
				GCC_WARN_ABOUT_RETURN_TYPE = YES_ERROR;
				GCC_WARN_UNDECLARED_SELECTOR = YES;
				GCC_WARN_UNINITIALIZED_AUTOS = YES_AGGRESSIVE;
				GCC_WARN_UNUSED_FUNCTION = YES;
				GCC_WARN_UNUSED_VARIABLE = YES;
				IPHONEOS_DEPLOYMENT_TARGET = 17.0;
				LOCALIZATION_PREFERS_STRING_CATALOGS = YES;
				MTL_ENABLE_DEBUG_INFO = NO;
				MTL_FAST_MATH = YES;
				SDKROOT = iphoneos;
				SWIFT_COMPILATION_MODE = wholemodule;
				VALIDATE_PRODUCT = YES;
			};
			name = Release;
		};
		6848118A2AF90236008D7B51 /* Debug */ = {
			isa = XCBuildConfiguration;
			buildSettings = {
				ASSETCATALOG_COMPILER_APPICON_NAME = AppIcon;
				ASSETCATALOG_COMPILER_GLOBAL_ACCENT_COLOR_NAME = AccentColor;
				ASSETCATALOG_COMPILER_INCLUDE_ALL_APPICON_ASSETS = NO;
				CODE_SIGN_ENTITLEMENTS = 311TEN022/311TEN022.entitlements;
				CODE_SIGN_IDENTITY = "Apple Development";
				CODE_SIGN_STYLE = Automatic;
				CURRENT_PROJECT_VERSION = 11;
				DEVELOPMENT_TEAM = W832C4SNYD;
				GENERATE_INFOPLIST_FILE = YES;
				INFOPLIST_FILE = 311TEN022/Info.plist;
				INFOPLIST_KEY_CFBundleDisplayName = "소비채집";
				INFOPLIST_KEY_LSApplicationCategoryType = "public.app-category.lifestyle";
				INFOPLIST_KEY_NSCameraUsageDescription = "기록 게시글에 올라갈 사진을 찍기 위해 카메라에 접근합니다.";
				INFOPLIST_KEY_NSPhotoLibraryUsageDescription = "기록 게시글에 올라갈 사진을 고르기 위해 앨범에 접근합니다.";
				INFOPLIST_KEY_UIApplicationSupportsIndirectInputEvents = YES;
				INFOPLIST_KEY_UILaunchStoryboardName = LaunchScreen.storyboard;
				INFOPLIST_KEY_UIMainStoryboardFile = Main;
				INFOPLIST_KEY_UISupportedInterfaceOrientations_iPad = "UIInterfaceOrientationPortrait UIInterfaceOrientationPortraitUpsideDown UIInterfaceOrientationLandscapeLeft UIInterfaceOrientationLandscapeRight";
				INFOPLIST_KEY_UISupportedInterfaceOrientations_iPhone = "UIInterfaceOrientationPortrait UIInterfaceOrientationLandscapeLeft UIInterfaceOrientationLandscapeRight";
				INFOPLIST_KEY_UIUserInterfaceStyle = Light;
				IPHONEOS_DEPLOYMENT_TARGET = 17;
				LD_RUNPATH_SEARCH_PATHS = (
					"$(inherited)",
					"@executable_path/Frameworks",
				);
				MARKETING_VERSION = 2.1.5;
				PRODUCT_BUNDLE_IDENTIFIER = lxxyeon.potenday;
				PRODUCT_NAME = "$(TARGET_NAME)";
				PROVISIONING_PROFILE_SPECIFIER = "";
				SUPPORTED_PLATFORMS = "iphoneos iphonesimulator";
				SUPPORTS_MACCATALYST = NO;
				SUPPORTS_MAC_DESIGNED_FOR_IPHONE_IPAD = NO;
				SUPPORTS_XR_DESIGNED_FOR_IPHONE_IPAD = NO;
				SWIFT_EMIT_LOC_STRINGS = YES;
				SWIFT_VERSION = 5.0;
				TARGETED_DEVICE_FAMILY = 1;
				VERSIONING_SYSTEM = "apple-generic";
			};
			name = Debug;
		};
		6848118B2AF90236008D7B51 /* Release */ = {
			isa = XCBuildConfiguration;
			buildSettings = {
				ASSETCATALOG_COMPILER_APPICON_NAME = AppIcon;
				ASSETCATALOG_COMPILER_GLOBAL_ACCENT_COLOR_NAME = AccentColor;
				ASSETCATALOG_COMPILER_INCLUDE_ALL_APPICON_ASSETS = NO;
				CODE_SIGN_ENTITLEMENTS = 311TEN022/311TEN022.entitlements;
				CODE_SIGN_IDENTITY = "Apple Development";
				CODE_SIGN_STYLE = Automatic;
				CURRENT_PROJECT_VERSION = 11;
				DEVELOPMENT_TEAM = W832C4SNYD;
				GENERATE_INFOPLIST_FILE = YES;
				INFOPLIST_FILE = 311TEN022/Info.plist;
				INFOPLIST_KEY_CFBundleDisplayName = "소비채집";
				INFOPLIST_KEY_LSApplicationCategoryType = "public.app-category.lifestyle";
				INFOPLIST_KEY_NSCameraUsageDescription = "기록 게시글에 올라갈 사진을 찍기 위해 카메라에 접근합니다.";
				INFOPLIST_KEY_NSPhotoLibraryUsageDescription = "기록 게시글에 올라갈 사진을 고르기 위해 앨범에 접근합니다.";
				INFOPLIST_KEY_UIApplicationSupportsIndirectInputEvents = YES;
				INFOPLIST_KEY_UILaunchStoryboardName = LaunchScreen.storyboard;
				INFOPLIST_KEY_UIMainStoryboardFile = Main;
				INFOPLIST_KEY_UISupportedInterfaceOrientations_iPad = "UIInterfaceOrientationPortrait UIInterfaceOrientationPortraitUpsideDown UIInterfaceOrientationLandscapeLeft UIInterfaceOrientationLandscapeRight";
				INFOPLIST_KEY_UISupportedInterfaceOrientations_iPhone = "UIInterfaceOrientationPortrait UIInterfaceOrientationLandscapeLeft UIInterfaceOrientationLandscapeRight";
				INFOPLIST_KEY_UIUserInterfaceStyle = Light;
				IPHONEOS_DEPLOYMENT_TARGET = 17;
				LD_RUNPATH_SEARCH_PATHS = (
					"$(inherited)",
					"@executable_path/Frameworks",
				);
				MARKETING_VERSION = 2.1.5;
				PRODUCT_BUNDLE_IDENTIFIER = lxxyeon.potenday;
				PRODUCT_NAME = "$(TARGET_NAME)";
				PROVISIONING_PROFILE_SPECIFIER = "";
				SUPPORTED_PLATFORMS = "iphoneos iphonesimulator";
				SUPPORTS_MACCATALYST = NO;
				SUPPORTS_MAC_DESIGNED_FOR_IPHONE_IPAD = NO;
				SUPPORTS_XR_DESIGNED_FOR_IPHONE_IPAD = NO;
				SWIFT_EMIT_LOC_STRINGS = YES;
				SWIFT_VERSION = 5.0;
				TARGETED_DEVICE_FAMILY = 1;
				VERSIONING_SYSTEM = "apple-generic";
			};
			name = Release;
		};
		6848118D2AF90236008D7B51 /* Debug */ = {
			isa = XCBuildConfiguration;
			buildSettings = {
				ALWAYS_EMBED_SWIFT_STANDARD_LIBRARIES = YES;
				BUNDLE_LOADER = "$(TEST_HOST)";
				CODE_SIGN_STYLE = Automatic;
				CURRENT_PROJECT_VERSION = 10;
				DEVELOPMENT_TEAM = W832C4SNYD;
				GENERATE_INFOPLIST_FILE = YES;
				IPHONEOS_DEPLOYMENT_TARGET = 17.0;
				MARKETING_VERSION = 1.0;
				PRODUCT_BUNDLE_IDENTIFIER = "lxxyeon.-11TEN022Tests";
				PRODUCT_NAME = "$(TARGET_NAME)";
				SWIFT_EMIT_LOC_STRINGS = NO;
				SWIFT_VERSION = 5.0;
				TARGETED_DEVICE_FAMILY = "1,2";
				TEST_HOST = "$(BUILT_PRODUCTS_DIR)/311TEN022.app/$(BUNDLE_EXECUTABLE_FOLDER_PATH)/311TEN022";
			};
			name = Debug;
		};
		6848118E2AF90236008D7B51 /* Release */ = {
			isa = XCBuildConfiguration;
			buildSettings = {
				ALWAYS_EMBED_SWIFT_STANDARD_LIBRARIES = YES;
				BUNDLE_LOADER = "$(TEST_HOST)";
				CODE_SIGN_STYLE = Automatic;
				CURRENT_PROJECT_VERSION = 10;
				DEVELOPMENT_TEAM = W832C4SNYD;
				GENERATE_INFOPLIST_FILE = YES;
				IPHONEOS_DEPLOYMENT_TARGET = 17.0;
				MARKETING_VERSION = 1.0;
				PRODUCT_BUNDLE_IDENTIFIER = "lxxyeon.-11TEN022Tests";
				PRODUCT_NAME = "$(TARGET_NAME)";
				SWIFT_EMIT_LOC_STRINGS = NO;
				SWIFT_VERSION = 5.0;
				TARGETED_DEVICE_FAMILY = "1,2";
				TEST_HOST = "$(BUILT_PRODUCTS_DIR)/311TEN022.app/$(BUNDLE_EXECUTABLE_FOLDER_PATH)/311TEN022";
			};
			name = Release;
		};
		684811902AF90236008D7B51 /* Debug */ = {
			isa = XCBuildConfiguration;
			buildSettings = {
				ALWAYS_EMBED_SWIFT_STANDARD_LIBRARIES = YES;
				CODE_SIGN_STYLE = Automatic;
				CURRENT_PROJECT_VERSION = 10;
				DEVELOPMENT_TEAM = W832C4SNYD;
				GENERATE_INFOPLIST_FILE = YES;
				MARKETING_VERSION = 1.0;
				PRODUCT_BUNDLE_IDENTIFIER = "lxxyeon.-11TEN022UITests";
				PRODUCT_NAME = "$(TARGET_NAME)";
				SWIFT_EMIT_LOC_STRINGS = NO;
				SWIFT_VERSION = 5.0;
				TARGETED_DEVICE_FAMILY = "1,2";
				TEST_TARGET_NAME = 311TEN022;
			};
			name = Debug;
		};
		684811912AF90236008D7B51 /* Release */ = {
			isa = XCBuildConfiguration;
			buildSettings = {
				ALWAYS_EMBED_SWIFT_STANDARD_LIBRARIES = YES;
				CODE_SIGN_STYLE = Automatic;
				CURRENT_PROJECT_VERSION = 10;
				DEVELOPMENT_TEAM = W832C4SNYD;
				GENERATE_INFOPLIST_FILE = YES;
				MARKETING_VERSION = 1.0;
				PRODUCT_BUNDLE_IDENTIFIER = "lxxyeon.-11TEN022UITests";
				PRODUCT_NAME = "$(TARGET_NAME)";
				SWIFT_EMIT_LOC_STRINGS = NO;
				SWIFT_VERSION = 5.0;
				TARGETED_DEVICE_FAMILY = "1,2";
				TEST_TARGET_NAME = 311TEN022;
			};
			name = Release;
		};
/* End XCBuildConfiguration section */

/* Begin XCConfigurationList section */
		6848115A2AF90232008D7B51 /* Build configuration list for PBXProject "311TEN022" */ = {
			isa = XCConfigurationList;
			buildConfigurations = (
				684811872AF90236008D7B51 /* Debug */,
				684811882AF90236008D7B51 /* Release */,
			);
			defaultConfigurationIsVisible = 0;
			defaultConfigurationName = Release;
		};
		684811892AF90236008D7B51 /* Build configuration list for PBXNativeTarget "311TEN022" */ = {
			isa = XCConfigurationList;
			buildConfigurations = (
				6848118A2AF90236008D7B51 /* Debug */,
				6848118B2AF90236008D7B51 /* Release */,
			);
			defaultConfigurationIsVisible = 0;
			defaultConfigurationName = Release;
		};
		6848118C2AF90236008D7B51 /* Build configuration list for PBXNativeTarget "311TEN022Tests" */ = {
			isa = XCConfigurationList;
			buildConfigurations = (
				6848118D2AF90236008D7B51 /* Debug */,
				6848118E2AF90236008D7B51 /* Release */,
			);
			defaultConfigurationIsVisible = 0;
			defaultConfigurationName = Release;
		};
		6848118F2AF90236008D7B51 /* Build configuration list for PBXNativeTarget "311TEN022UITests" */ = {
			isa = XCConfigurationList;
			buildConfigurations = (
				684811902AF90236008D7B51 /* Debug */,
				684811912AF90236008D7B51 /* Release */,
			);
			defaultConfigurationIsVisible = 0;
			defaultConfigurationName = Release;
		};
/* End XCConfigurationList section */

/* Begin XCRemoteSwiftPackageReference section */
		6835F19A2B5F507E00B96384 /* XCRemoteSwiftPackageReference "RxSwift" */ = {
			isa = XCRemoteSwiftPackageReference;
			repositoryURL = "https://github.com/ReactiveX/RxSwift.git";
			requirement = {
				kind = upToNextMajorVersion;
				minimumVersion = 5.0.0;
			};
		};
		685DE8812D31582800C42621 /* XCRemoteSwiftPackageReference "lottie-ios" */ = {
			isa = XCRemoteSwiftPackageReference;
			repositoryURL = "https://github.com/airbnb/lottie-ios";
			requirement = {
				kind = upToNextMajorVersion;
				minimumVersion = 4.5.1;
			};
		};
		687E77A72AF9115D007C9275 /* XCRemoteSwiftPackageReference "kakao-ios-sdk" */ = {
			isa = XCRemoteSwiftPackageReference;
			repositoryURL = "https://github.com/kakao/kakao-ios-sdk";
			requirement = {
				kind = upToNextMajorVersion;
				minimumVersion = 2.18.2;
			};
		};
		68854F332B31147B0065DD04 /* XCRemoteSwiftPackageReference "Kingfisher" */ = {
			isa = XCRemoteSwiftPackageReference;
			repositoryURL = "https://github.com/onevcat/Kingfisher.git";
			requirement = {
				kind = upToNextMajorVersion;
				minimumVersion = 7.10.1;
			};
		};
		68B3F83C2B6785390040E62F /* XCRemoteSwiftPackageReference "RxAlamofire" */ = {
			isa = XCRemoteSwiftPackageReference;
			repositoryURL = "https://github.com/RxSwiftCommunity/RxAlamofire.git";
			requirement = {
				kind = upToNextMajorVersion;
				minimumVersion = 5.2.0;
			};
		};
		68E6C08B2DCA03BE004C1C42 /* XCRemoteSwiftPackageReference "GoogleSignIn-iOS" */ = {
			isa = XCRemoteSwiftPackageReference;
			repositoryURL = "https://github.com/google/GoogleSignIn-iOS";
			requirement = {
				kind = upToNextMajorVersion;
				minimumVersion = 8.0.0;
			};
		};
/* End XCRemoteSwiftPackageReference section */

/* Begin XCSwiftPackageProductDependency section */
		685DE8822D31585800C42621 /* Lottie */ = {
			isa = XCSwiftPackageProductDependency;
			package = 685DE8812D31582800C42621 /* XCRemoteSwiftPackageReference "lottie-ios" */;
			productName = Lottie;
		};
		687E77A82AF9115D007C9275 /* KakaoSDKAuth */ = {
			isa = XCSwiftPackageProductDependency;
			package = 687E77A72AF9115D007C9275 /* XCRemoteSwiftPackageReference "kakao-ios-sdk" */;
			productName = KakaoSDKAuth;
		};
		687E77AA2AF9115D007C9275 /* KakaoSDKCommon */ = {
			isa = XCSwiftPackageProductDependency;
			package = 687E77A72AF9115D007C9275 /* XCRemoteSwiftPackageReference "kakao-ios-sdk" */;
			productName = KakaoSDKCommon;
		};
		687E77AC2AF9115D007C9275 /* KakaoSDKUser */ = {
			isa = XCSwiftPackageProductDependency;
			package = 687E77A72AF9115D007C9275 /* XCRemoteSwiftPackageReference "kakao-ios-sdk" */;
			productName = KakaoSDKUser;
		};
		68854F342B31147B0065DD04 /* Kingfisher */ = {
			isa = XCSwiftPackageProductDependency;
			package = 68854F332B31147B0065DD04 /* XCRemoteSwiftPackageReference "Kingfisher" */;
			productName = Kingfisher;
		};
		68B3F8392B6782390040E62F /* RxSwift */ = {
			isa = XCSwiftPackageProductDependency;
			package = 6835F19A2B5F507E00B96384 /* XCRemoteSwiftPackageReference "RxSwift" */;
			productName = RxSwift;
		};
		68B3F83D2B6785390040E62F /* RxAlamofire */ = {
			isa = XCSwiftPackageProductDependency;
			package = 68B3F83C2B6785390040E62F /* XCRemoteSwiftPackageReference "RxAlamofire" */;
			productName = RxAlamofire;
		};
		68E6C08C2DCA07DF004C1C42 /* GoogleSignIn */ = {
			isa = XCSwiftPackageProductDependency;
			package = 68E6C08B2DCA03BE004C1C42 /* XCRemoteSwiftPackageReference "GoogleSignIn-iOS" */;
			productName = GoogleSignIn;
		};
/* End XCSwiftPackageProductDependency section */
	};
	rootObject = 684811572AF90232008D7B51 /* Project object */;
}
