// !$*UTF8*$!
{
	archiveVersion = 1;
	classes = {
	};
	objectVersion = 56;
	objects = {

/* Begin PBXBuildFile section */
		684811632AF90232008D7B51 /* AppDelegate.swift in Sources */ = {isa = PBXBuildFile; fileRef = 684811622AF90232008D7B51 /* AppDelegate.swift */; };
		684811652AF90232008D7B51 /* SceneDelegate.swift in Sources */ = {isa = PBXBuildFile; fileRef = 684811642AF90232008D7B51 /* SceneDelegate.swift */; };
		684811672AF90232008D7B51 /* ViewController.swift in Sources */ = {isa = PBXBuildFile; fileRef = 684811662AF90232008D7B51 /* ViewController.swift */; };
		6848116C2AF90235008D7B51 /* Assets.xcassets in Resources */ = {isa = PBXBuildFile; fileRef = 6848116B2AF90235008D7B51 /* Assets.xcassets */; };
		6848116F2AF90235008D7B51 /* LaunchScreen.storyboard in Resources */ = {isa = PBXBuildFile; fileRef = 6848116D2AF90235008D7B51 /* LaunchScreen.storyboard */; };
		6848117A2AF90236008D7B51 /* _11TEN022Tests.swift in Sources */ = {isa = PBXBuildFile; fileRef = 684811792AF90236008D7B51 /* _11TEN022Tests.swift */; };
		684811842AF90236008D7B51 /* _11TEN022UITests.swift in Sources */ = {isa = PBXBuildFile; fileRef = 684811832AF90236008D7B51 /* _11TEN022UITests.swift */; };
		684811862AF90236008D7B51 /* _11TEN022UITestsLaunchTests.swift in Sources */ = {isa = PBXBuildFile; fileRef = 684811852AF90236008D7B51 /* _11TEN022UITestsLaunchTests.swift */; };
		684811A42AF907D0008D7B51 /* UploadTabViewController.swift in Sources */ = {isa = PBXBuildFile; fileRef = 684811A32AF907D0008D7B51 /* UploadTabViewController.swift */; };
		684811A62AF908EB008D7B51 /* TabViewController.swift in Sources */ = {isa = PBXBuildFile; fileRef = 684811A52AF908EB008D7B51 /* TabViewController.swift */; };
		684A89AC2AFA6474009C01E0 /* RecordViewController.swift in Sources */ = {isa = PBXBuildFile; fileRef = 684A89AB2AFA6474009C01E0 /* RecordViewController.swift */; };
		684E93812AFE4B9B0002387A /* Splash.png in Resources */ = {isa = PBXBuildFile; fileRef = 684E937E2AFE4B9B0002387A /* Splash.png */; };
		684E93822AFE4B9B0002387A /* ImagePicker.png in Resources */ = {isa = PBXBuildFile; fileRef = 684E937F2AFE4B9B0002387A /* ImagePicker.png */; };
		684E93832AFE4B9B0002387A /* Onboarding.png in Resources */ = {isa = PBXBuildFile; fileRef = 684E93802AFE4B9B0002387A /* Onboarding.png */; };
		684E93852AFE50500002387A /* Color.swift in Sources */ = {isa = PBXBuildFile; fileRef = 684E93842AFE50500002387A /* Color.swift */; };
		684E93872AFE633D0002387A /* StoryboardInitializable.swift in Sources */ = {isa = PBXBuildFile; fileRef = 684E93862AFE633D0002387A /* StoryboardInitializable.swift */; };
		6858F9A82AFE774800AA48BA /* Goal.swift in Sources */ = {isa = PBXBuildFile; fileRef = 6858F9A72AFE774800AA48BA /* Goal.swift */; };
		6858F9AA2AFE7DCA00AA48BA /* Report.swift in Sources */ = {isa = PBXBuildFile; fileRef = 6858F9A92AFE7DCA00AA48BA /* Report.swift */; };
		687E77992AF909FF007C9275 /* Main.storyboard in Resources */ = {isa = PBXBuildFile; fileRef = 687E77972AF909FF007C9275 /* Main.storyboard */; };
		687E779E2AF90B8D007C9275 /* HomeTabViewController.swift in Sources */ = {isa = PBXBuildFile; fileRef = 687E779C2AF90B8C007C9275 /* HomeTabViewController.swift */; };
		687E779F2AF90B8D007C9275 /* ReportTabViewController.swift in Sources */ = {isa = PBXBuildFile; fileRef = 687E779D2AF90B8C007C9275 /* ReportTabViewController.swift */; };
		687E77A22AF90E30007C9275 /* APIService.swift in Sources */ = {isa = PBXBuildFile; fileRef = 687E77A12AF90E30007C9275 /* APIService.swift */; };
		687E77A52AF90E6D007C9275 /* SignInViewController.swift in Sources */ = {isa = PBXBuildFile; fileRef = 687E77A42AF90E6D007C9275 /* SignInViewController.swift */; };
		687E77A92AF9115D007C9275 /* KakaoSDKAuth in Frameworks */ = {isa = PBXBuildFile; productRef = 687E77A82AF9115D007C9275 /* KakaoSDKAuth */; };
		687E77AB2AF9115D007C9275 /* KakaoSDKCommon in Frameworks */ = {isa = PBXBuildFile; productRef = 687E77AA2AF9115D007C9275 /* KakaoSDKCommon */; };
		687E77AD2AF9115D007C9275 /* KakaoSDKUser in Frameworks */ = {isa = PBXBuildFile; productRef = 687E77AC2AF9115D007C9275 /* KakaoSDKUser */; };
		687E77B02AF91350007C9275 /* Config.swift in Sources */ = {isa = PBXBuildFile; fileRef = 687E77AF2AF91350007C9275 /* Config.swift */; };
		687E77B32AF91EE6007C9275 /* HomeCollectionViewCell.swift in Sources */ = {isa = PBXBuildFile; fileRef = 687E77B22AF91EE6007C9275 /* HomeCollectionViewCell.swift */; };
		687FB0752AFBACA8004C95E7 /* Tags.swift in Sources */ = {isa = PBXBuildFile; fileRef = 687FB0742AFBACA8004C95E7 /* Tags.swift */; };
		689984882AFFA3C7007E0F60 /* DGCharts in Frameworks */ = {isa = PBXBuildFile; productRef = 689984872AFFA3C7007E0F60 /* DGCharts */; };
		6899848A2AFFE40F007E0F60 /* UserDefaultWrapper.swift in Sources */ = {isa = PBXBuildFile; fileRef = 689984892AFFE40F007E0F60 /* UserDefaultWrapper.swift */; };
/* End PBXBuildFile section */

/* Begin PBXContainerItemProxy section */
		684811762AF90236008D7B51 /* PBXContainerItemProxy */ = {
			isa = PBXContainerItemProxy;
			containerPortal = 684811572AF90232008D7B51 /* Project object */;
			proxyType = 1;
			remoteGlobalIDString = 6848115E2AF90232008D7B51;
			remoteInfo = 311TEN022;
		};
		684811802AF90236008D7B51 /* PBXContainerItemProxy */ = {
			isa = PBXContainerItemProxy;
			containerPortal = 684811572AF90232008D7B51 /* Project object */;
			proxyType = 1;
			remoteGlobalIDString = 6848115E2AF90232008D7B51;
			remoteInfo = 311TEN022;
		};
/* End PBXContainerItemProxy section */

/* Begin PBXFileReference section */
		6848115F2AF90232008D7B51 /* 311TEN022.app */ = {isa = PBXFileReference; explicitFileType = wrapper.application; includeInIndex = 0; path = 311TEN022.app; sourceTree = BUILT_PRODUCTS_DIR; };
		684811622AF90232008D7B51 /* AppDelegate.swift */ = {isa = PBXFileReference; lastKnownFileType = sourcecode.swift; path = AppDelegate.swift; sourceTree = "<group>"; };
		684811642AF90232008D7B51 /* SceneDelegate.swift */ = {isa = PBXFileReference; lastKnownFileType = sourcecode.swift; path = SceneDelegate.swift; sourceTree = "<group>"; };
		684811662AF90232008D7B51 /* ViewController.swift */ = {isa = PBXFileReference; lastKnownFileType = sourcecode.swift; path = ViewController.swift; sourceTree = "<group>"; };
		6848116B2AF90235008D7B51 /* Assets.xcassets */ = {isa = PBXFileReference; lastKnownFileType = folder.assetcatalog; path = Assets.xcassets; sourceTree = "<group>"; };
		6848116E2AF90235008D7B51 /* Base */ = {isa = PBXFileReference; lastKnownFileType = file.storyboard; name = Base; path = Base.lproj/LaunchScreen.storyboard; sourceTree = "<group>"; };
		684811702AF90235008D7B51 /* Info.plist */ = {isa = PBXFileReference; lastKnownFileType = text.plist.xml; path = Info.plist; sourceTree = "<group>"; };
		684811752AF90236008D7B51 /* 311TEN022Tests.xctest */ = {isa = PBXFileReference; explicitFileType = wrapper.cfbundle; includeInIndex = 0; path = 311TEN022Tests.xctest; sourceTree = BUILT_PRODUCTS_DIR; };
		684811792AF90236008D7B51 /* _11TEN022Tests.swift */ = {isa = PBXFileReference; lastKnownFileType = sourcecode.swift; path = _11TEN022Tests.swift; sourceTree = "<group>"; };
		6848117F2AF90236008D7B51 /* 311TEN022UITests.xctest */ = {isa = PBXFileReference; explicitFileType = wrapper.cfbundle; includeInIndex = 0; path = 311TEN022UITests.xctest; sourceTree = BUILT_PRODUCTS_DIR; };
		684811832AF90236008D7B51 /* _11TEN022UITests.swift */ = {isa = PBXFileReference; lastKnownFileType = sourcecode.swift; path = _11TEN022UITests.swift; sourceTree = "<group>"; };
		684811852AF90236008D7B51 /* _11TEN022UITestsLaunchTests.swift */ = {isa = PBXFileReference; lastKnownFileType = sourcecode.swift; path = _11TEN022UITestsLaunchTests.swift; sourceTree = "<group>"; };
		684811A32AF907D0008D7B51 /* UploadTabViewController.swift */ = {isa = PBXFileReference; lastKnownFileType = sourcecode.swift; path = UploadTabViewController.swift; sourceTree = "<group>"; };
		684811A52AF908EB008D7B51 /* TabViewController.swift */ = {isa = PBXFileReference; lastKnownFileType = sourcecode.swift; path = TabViewController.swift; sourceTree = "<group>"; };
		684A89AB2AFA6474009C01E0 /* RecordViewController.swift */ = {isa = PBXFileReference; lastKnownFileType = sourcecode.swift; path = RecordViewController.swift; sourceTree = "<group>"; };
		684E937E2AFE4B9B0002387A /* Splash.png */ = {isa = PBXFileReference; lastKnownFileType = image.png; path = Splash.png; sourceTree = "<group>"; };
		684E937F2AFE4B9B0002387A /* ImagePicker.png */ = {isa = PBXFileReference; lastKnownFileType = image.png; path = ImagePicker.png; sourceTree = "<group>"; };
		684E93802AFE4B9B0002387A /* Onboarding.png */ = {isa = PBXFileReference; lastKnownFileType = image.png; path = Onboarding.png; sourceTree = "<group>"; };
		684E93842AFE50500002387A /* Color.swift */ = {isa = PBXFileReference; lastKnownFileType = sourcecode.swift; path = Color.swift; sourceTree = "<group>"; };
		684E93862AFE633D0002387A /* StoryboardInitializable.swift */ = {isa = PBXFileReference; lastKnownFileType = sourcecode.swift; path = StoryboardInitializable.swift; sourceTree = "<group>"; };
		6858F9A72AFE774800AA48BA /* Goal.swift */ = {isa = PBXFileReference; lastKnownFileType = sourcecode.swift; path = Goal.swift; sourceTree = "<group>"; };
		6858F9A92AFE7DCA00AA48BA /* Report.swift */ = {isa = PBXFileReference; lastKnownFileType = sourcecode.swift; path = Report.swift; sourceTree = "<group>"; };
		687E77982AF909FF007C9275 /* Base */ = {isa = PBXFileReference; lastKnownFileType = file.storyboard; name = Base; path = Base.lproj/Main.storyboard; sourceTree = "<group>"; };
		687E779C2AF90B8C007C9275 /* HomeTabViewController.swift */ = {isa = PBXFileReference; fileEncoding = 4; lastKnownFileType = sourcecode.swift; path = HomeTabViewController.swift; sourceTree = "<group>"; };
		687E779D2AF90B8C007C9275 /* ReportTabViewController.swift */ = {isa = PBXFileReference; fileEncoding = 4; lastKnownFileType = sourcecode.swift; path = ReportTabViewController.swift; sourceTree = "<group>"; };
		687E77A12AF90E30007C9275 /* APIService.swift */ = {isa = PBXFileReference; lastKnownFileType = sourcecode.swift; path = APIService.swift; sourceTree = "<group>"; };
		687E77A42AF90E6D007C9275 /* SignInViewController.swift */ = {isa = PBXFileReference; lastKnownFileType = sourcecode.swift; path = SignInViewController.swift; sourceTree = "<group>"; };
		687E77A62AF90FC7007C9275 /* 311TEN022.entitlements */ = {isa = PBXFileReference; lastKnownFileType = text.plist.entitlements; path = 311TEN022.entitlements; sourceTree = "<group>"; };
		687E77AF2AF91350007C9275 /* Config.swift */ = {isa = PBXFileReference; lastKnownFileType = sourcecode.swift; path = Config.swift; sourceTree = "<group>"; };
		687E77B22AF91EE6007C9275 /* HomeCollectionViewCell.swift */ = {isa = PBXFileReference; lastKnownFileType = sourcecode.swift; path = HomeCollectionViewCell.swift; sourceTree = "<group>"; };
		687FB0742AFBACA8004C95E7 /* Tags.swift */ = {isa = PBXFileReference; lastKnownFileType = sourcecode.swift; path = Tags.swift; sourceTree = "<group>"; };
		689984892AFFE40F007E0F60 /* UserDefaultWrapper.swift */ = {isa = PBXFileReference; lastKnownFileType = sourcecode.swift; path = UserDefaultWrapper.swift; sourceTree = "<group>"; };
/* End PBXFileReference section */

/* Begin PBXFrameworksBuildPhase section */
		6848115C2AF90232008D7B51 /* Frameworks */ = {
			isa = PBXFrameworksBuildPhase;
			buildActionMask = 2147483647;
			files = (
				689984882AFFA3C7007E0F60 /* DGCharts in Frameworks */,
				687E77AB2AF9115D007C9275 /* KakaoSDKCommon in Frameworks */,
				687E77A92AF9115D007C9275 /* KakaoSDKAuth in Frameworks */,
				687E77AD2AF9115D007C9275 /* KakaoSDKUser in Frameworks */,
			);
			runOnlyForDeploymentPostprocessing = 0;
		};
		684811722AF90236008D7B51 /* Frameworks */ = {
			isa = PBXFrameworksBuildPhase;
			buildActionMask = 2147483647;
			files = (
			);
			runOnlyForDeploymentPostprocessing = 0;
		};
		6848117C2AF90236008D7B51 /* Frameworks */ = {
			isa = PBXFrameworksBuildPhase;
			buildActionMask = 2147483647;
			files = (
			);
			runOnlyForDeploymentPostprocessing = 0;
		};
/* End PBXFrameworksBuildPhase section */

/* Begin PBXGroup section */
		684811562AF90232008D7B51 = {
			isa = PBXGroup;
			children = (
				684811612AF90232008D7B51 /* 311TEN022 */,
				684811782AF90236008D7B51 /* 311TEN022Tests */,
				684811822AF90236008D7B51 /* 311TEN022UITests */,
				684811602AF90232008D7B51 /* Products */,
			);
			sourceTree = "<group>";
		};
		684811602AF90232008D7B51 /* Products */ = {
			isa = PBXGroup;
			children = (
				6848115F2AF90232008D7B51 /* 311TEN022.app */,
				684811752AF90236008D7B51 /* 311TEN022Tests.xctest */,
				6848117F2AF90236008D7B51 /* 311TEN022UITests.xctest */,
			);
			name = Products;
			sourceTree = "<group>";
		};
		684811612AF90232008D7B51 /* 311TEN022 */ = {
			isa = PBXGroup;
			children = (
				6858F9A62AFE773500AA48BA /* Model */,
				684E937C2AFE4B540002387A /* Resources */,
				687FB0732AFBAC92004C95E7 /* Data */,
				687E77A02AF90E1F007C9275 /* Manager */,
				684811A22AF907B6008D7B51 /* ViewController */,
				684811622AF90232008D7B51 /* AppDelegate.swift */,
				684811642AF90232008D7B51 /* SceneDelegate.swift */,
				6848116B2AF90235008D7B51 /* Assets.xcassets */,
				687E77972AF909FF007C9275 /* Main.storyboard */,
				6848116D2AF90235008D7B51 /* LaunchScreen.storyboard */,
				687E77A62AF90FC7007C9275 /* 311TEN022.entitlements */,
				684811702AF90235008D7B51 /* Info.plist */,
				687E77AF2AF91350007C9275 /* Config.swift */,
			);
			path = 311TEN022;
			sourceTree = "<group>";
		};
		684811782AF90236008D7B51 /* 311TEN022Tests */ = {
			isa = PBXGroup;
			children = (
				684811792AF90236008D7B51 /* _11TEN022Tests.swift */,
			);
			path = 311TEN022Tests;
			sourceTree = "<group>";
		};
		684811822AF90236008D7B51 /* 311TEN022UITests */ = {
			isa = PBXGroup;
			children = (
				684811832AF90236008D7B51 /* _11TEN022UITests.swift */,
				684811852AF90236008D7B51 /* _11TEN022UITestsLaunchTests.swift */,
			);
			path = 311TEN022UITests;
			sourceTree = "<group>";
		};
		684811A22AF907B6008D7B51 /* ViewController */ = {
			isa = PBXGroup;
			children = (
				684A89AB2AFA6474009C01E0 /* RecordViewController.swift */,
				687E77B12AF91EB0007C9275 /* CollectionViewController */,
				687E77A42AF90E6D007C9275 /* SignInViewController.swift */,
				684811662AF90232008D7B51 /* ViewController.swift */,
				684811A52AF908EB008D7B51 /* TabViewController.swift */,
				687E77A32AF90E42007C9275 /* TabViewController */,
				684E93862AFE633D0002387A /* StoryboardInitializable.swift */,
			);
			path = ViewController;
			sourceTree = "<group>";
		};
		684E937C2AFE4B540002387A /* Resources */ = {
			isa = PBXGroup;
			children = (
				684E937D2AFE4B5D0002387A /* Img */,
				684E93842AFE50500002387A /* Color.swift */,
			);
			path = Resources;
			sourceTree = "<group>";
		};
		684E937D2AFE4B5D0002387A /* Img */ = {
			isa = PBXGroup;
			children = (
				684E937F2AFE4B9B0002387A /* ImagePicker.png */,
				684E93802AFE4B9B0002387A /* Onboarding.png */,
				684E937E2AFE4B9B0002387A /* Splash.png */,
			);
			path = Img;
			sourceTree = "<group>";
		};
		6858F9A62AFE773500AA48BA /* Model */ = {
			isa = PBXGroup;
			children = (
				6858F9A72AFE774800AA48BA /* Goal.swift */,
				6858F9A92AFE7DCA00AA48BA /* Report.swift */,
				689984892AFFE40F007E0F60 /* UserDefaultWrapper.swift */,
			);
			path = Model;
			sourceTree = "<group>";
		};
		687E77A02AF90E1F007C9275 /* Manager */ = {
			isa = PBXGroup;
			children = (
				687E77A12AF90E30007C9275 /* APIService.swift */,
			);
			path = Manager;
			sourceTree = "<group>";
		};
		687E77A32AF90E42007C9275 /* TabViewController */ = {
			isa = PBXGroup;
			children = (
				687E779C2AF90B8C007C9275 /* HomeTabViewController.swift */,
				684811A32AF907D0008D7B51 /* UploadTabViewController.swift */,
				687E779D2AF90B8C007C9275 /* ReportTabViewController.swift */,
			);
			path = TabViewController;
			sourceTree = "<group>";
		};
		687E77B12AF91EB0007C9275 /* CollectionViewController */ = {
			isa = PBXGroup;
			children = (
				687E77B22AF91EE6007C9275 /* HomeCollectionViewCell.swift */,
			);
			path = CollectionViewController;
			sourceTree = "<group>";
		};
		687FB0732AFBAC92004C95E7 /* Data */ = {
			isa = PBXGroup;
			children = (
				687FB0742AFBACA8004C95E7 /* Tags.swift */,
			);
			path = Data;
			sourceTree = "<group>";
		};
/* End PBXGroup section */

/* Begin PBXNativeTarget section */
		6848115E2AF90232008D7B51 /* 311TEN022 */ = {
			isa = PBXNativeTarget;
			buildConfigurationList = 684811892AF90236008D7B51 /* Build configuration list for PBXNativeTarget "311TEN022" */;
			buildPhases = (
				6848115B2AF90232008D7B51 /* Sources */,
				6848115C2AF90232008D7B51 /* Frameworks */,
				6848115D2AF90232008D7B51 /* Resources */,
			);
			buildRules = (
			);
			dependencies = (
			);
			name = 311TEN022;
			packageProductDependencies = (
				687E77A82AF9115D007C9275 /* KakaoSDKAuth */,
				687E77AA2AF9115D007C9275 /* KakaoSDKCommon */,
				687E77AC2AF9115D007C9275 /* KakaoSDKUser */,
				689984872AFFA3C7007E0F60 /* DGCharts */,
			);
			productName = 311TEN022;
			productReference = 6848115F2AF90232008D7B51 /* 311TEN022.app */;
			productType = "com.apple.product-type.application";
		};
		684811742AF90236008D7B51 /* 311TEN022Tests */ = {
			isa = PBXNativeTarget;
			buildConfigurationList = 6848118C2AF90236008D7B51 /* Build configuration list for PBXNativeTarget "311TEN022Tests" */;
			buildPhases = (
				684811712AF90236008D7B51 /* Sources */,
				684811722AF90236008D7B51 /* Frameworks */,
				684811732AF90236008D7B51 /* Resources */,
			);
			buildRules = (
			);
			dependencies = (
				684811772AF90236008D7B51 /* PBXTargetDependency */,
			);
			name = 311TEN022Tests;
			productName = 311TEN022Tests;
			productReference = 684811752AF90236008D7B51 /* 311TEN022Tests.xctest */;
			productType = "com.apple.product-type.bundle.unit-test";
		};
		6848117E2AF90236008D7B51 /* 311TEN022UITests */ = {
			isa = PBXNativeTarget;
			buildConfigurationList = 6848118F2AF90236008D7B51 /* Build configuration list for PBXNativeTarget "311TEN022UITests" */;
			buildPhases = (
				6848117B2AF90236008D7B51 /* Sources */,
				6848117C2AF90236008D7B51 /* Frameworks */,
				6848117D2AF90236008D7B51 /* Resources */,
			);
			buildRules = (
			);
			dependencies = (
				684811812AF90236008D7B51 /* PBXTargetDependency */,
			);
			name = 311TEN022UITests;
			productName = 311TEN022UITests;
			productReference = 6848117F2AF90236008D7B51 /* 311TEN022UITests.xctest */;
			productType = "com.apple.product-type.bundle.ui-testing";
		};
/* End PBXNativeTarget section */

/* Begin PBXProject section */
		684811572AF90232008D7B51 /* Project object */ = {
			isa = PBXProject;
			attributes = {
				BuildIndependentTargetsInParallel = 1;
				LastSwiftUpdateCheck = 1500;
				LastUpgradeCheck = 1500;
				TargetAttributes = {
					6848115E2AF90232008D7B51 = {
						CreatedOnToolsVersion = 15.0.1;
					};
					684811742AF90236008D7B51 = {
						CreatedOnToolsVersion = 15.0.1;
						TestTargetID = 6848115E2AF90232008D7B51;
					};
					6848117E2AF90236008D7B51 = {
						CreatedOnToolsVersion = 15.0.1;
						TestTargetID = 6848115E2AF90232008D7B51;
					};
				};
			};
			buildConfigurationList = 6848115A2AF90232008D7B51 /* Build configuration list for PBXProject "311TEN022" */;
			compatibilityVersion = "Xcode 14.0";
			developmentRegion = en;
			hasScannedForEncodings = 0;
			knownRegions = (
				en,
				Base,
			);
			mainGroup = 684811562AF90232008D7B51;
			packageReferences = (
				687E77A72AF9115D007C9275 /* XCRemoteSwiftPackageReference "kakao-ios-sdk" */,
				689984862AFFA3C7007E0F60 /* XCRemoteSwiftPackageReference "Charts" */,
			);
			productRefGroup = 684811602AF90232008D7B51 /* Products */;
			projectDirPath = "";
			projectRoot = "";
			targets = (
				6848115E2AF90232008D7B51 /* 311TEN022 */,
				684811742AF90236008D7B51 /* 311TEN022Tests */,
				6848117E2AF90236008D7B51 /* 311TEN022UITests */,
			);
		};
/* End PBXProject section */

/* Begin PBXResourcesBuildPhase section */
		6848115D2AF90232008D7B51 /* Resources */ = {
			isa = PBXResourcesBuildPhase;
			buildActionMask = 2147483647;
			files = (
				684E93832AFE4B9B0002387A /* Onboarding.png in Resources */,
				684E93822AFE4B9B0002387A /* ImagePicker.png in Resources */,
				684E93812AFE4B9B0002387A /* Splash.png in Resources */,
				6848116F2AF90235008D7B51 /* LaunchScreen.storyboard in Resources */,
				6848116C2AF90235008D7B51 /* Assets.xcassets in Resources */,
				687E77992AF909FF007C9275 /* Main.storyboard in Resources */,
			);
			runOnlyForDeploymentPostprocessing = 0;
		};
		684811732AF90236008D7B51 /* Resources */ = {
			isa = PBXResourcesBuildPhase;
			buildActionMask = 2147483647;
			files = (
			);
			runOnlyForDeploymentPostprocessing = 0;
		};
		6848117D2AF90236008D7B51 /* Resources */ = {
			isa = PBXResourcesBuildPhase;
			buildActionMask = 2147483647;
			files = (
			);
			runOnlyForDeploymentPostprocessing = 0;
		};
/* End PBXResourcesBuildPhase section */

/* Begin PBXSourcesBuildPhase section */
		6848115B2AF90232008D7B51 /* Sources */ = {
			isa = PBXSourcesBuildPhase;
			buildActionMask = 2147483647;
			files = (
				6858F9AA2AFE7DCA00AA48BA /* Report.swift in Sources */,
				684811672AF90232008D7B51 /* ViewController.swift in Sources */,
				684811632AF90232008D7B51 /* AppDelegate.swift in Sources */,
				687E779F2AF90B8D007C9275 /* ReportTabViewController.swift in Sources */,
				684A89AC2AFA6474009C01E0 /* RecordViewController.swift in Sources */,
				684811652AF90232008D7B51 /* SceneDelegate.swift in Sources */,
				687FB0752AFBACA8004C95E7 /* Tags.swift in Sources */,
				687E77A22AF90E30007C9275 /* APIService.swift in Sources */,
				687E77A52AF90E6D007C9275 /* SignInViewController.swift in Sources */,
				6858F9A82AFE774800AA48BA /* Goal.swift in Sources */,
				687E77B32AF91EE6007C9275 /* HomeCollectionViewCell.swift in Sources */,
				684E93852AFE50500002387A /* Color.swift in Sources */,
				6899848A2AFFE40F007E0F60 /* UserDefaultWrapper.swift in Sources */,
				684811A42AF907D0008D7B51 /* UploadTabViewController.swift in Sources */,
				684E93872AFE633D0002387A /* StoryboardInitializable.swift in Sources */,
				687E77B02AF91350007C9275 /* Config.swift in Sources */,
				684811A62AF908EB008D7B51 /* TabViewController.swift in Sources */,
				687E779E2AF90B8D007C9275 /* HomeTabViewController.swift in Sources */,
			);
			runOnlyForDeploymentPostprocessing = 0;
		};
		684811712AF90236008D7B51 /* Sources */ = {
			isa = PBXSourcesBuildPhase;
			buildActionMask = 2147483647;
			files = (
				6848117A2AF90236008D7B51 /* _11TEN022Tests.swift in Sources */,
			);
			runOnlyForDeploymentPostprocessing = 0;
		};
		6848117B2AF90236008D7B51 /* Sources */ = {
			isa = PBXSourcesBuildPhase;
			buildActionMask = 2147483647;
			files = (
				684811842AF90236008D7B51 /* _11TEN022UITests.swift in Sources */,
				684811862AF90236008D7B51 /* _11TEN022UITestsLaunchTests.swift in Sources */,
			);
			runOnlyForDeploymentPostprocessing = 0;
		};
/* End PBXSourcesBuildPhase section */

/* Begin PBXTargetDependency section */
		684811772AF90236008D7B51 /* PBXTargetDependency */ = {
			isa = PBXTargetDependency;
			target = 6848115E2AF90232008D7B51 /* 311TEN022 */;
			targetProxy = 684811762AF90236008D7B51 /* PBXContainerItemProxy */;
		};
		684811812AF90236008D7B51 /* PBXTargetDependency */ = {
			isa = PBXTargetDependency;
			target = 6848115E2AF90232008D7B51 /* 311TEN022 */;
			targetProxy = 684811802AF90236008D7B51 /* PBXContainerItemProxy */;
		};
/* End PBXTargetDependency section */

/* Begin PBXVariantGroup section */
		6848116D2AF90235008D7B51 /* LaunchScreen.storyboard */ = {
			isa = PBXVariantGroup;
			children = (
				6848116E2AF90235008D7B51 /* Base */,
			);
			name = LaunchScreen.storyboard;
			sourceTree = "<group>";
		};
		687E77972AF909FF007C9275 /* Main.storyboard */ = {
			isa = PBXVariantGroup;
			children = (
				687E77982AF909FF007C9275 /* Base */,
			);
			name = Main.storyboard;
			sourceTree = "<group>";
		};
/* End PBXVariantGroup section */

/* Begin XCBuildConfiguration section */
		684811872AF90236008D7B51 /* Debug */ = {
			isa = XCBuildConfiguration;
			buildSettings = {
				ALWAYS_SEARCH_USER_PATHS = NO;
				ASSETCATALOG_COMPILER_GENERATE_SWIFT_ASSET_SYMBOL_EXTENSIONS = YES;
				CLANG_ANALYZER_NONNULL = YES;
				CLANG_ANALYZER_NUMBER_OBJECT_CONVERSION = YES_AGGRESSIVE;
				CLANG_CXX_LANGUAGE_STANDARD = "gnu++20";
				CLANG_ENABLE_MODULES = YES;
				CLANG_ENABLE_OBJC_ARC = YES;
				CLANG_ENABLE_OBJC_WEAK = YES;
				CLANG_WARN_BLOCK_CAPTURE_AUTORELEASING = YES;
				CLANG_WARN_BOOL_CONVERSION = YES;
				CLANG_WARN_COMMA = YES;
				CLANG_WARN_CONSTANT_CONVERSION = YES;
				CLANG_WARN_DEPRECATED_OBJC_IMPLEMENTATIONS = YES;
				CLANG_WARN_DIRECT_OBJC_ISA_USAGE = YES_ERROR;
				CLANG_WARN_DOCUMENTATION_COMMENTS = YES;
				CLANG_WARN_EMPTY_BODY = YES;
				CLANG_WARN_ENUM_CONVERSION = YES;
				CLANG_WARN_INFINITE_RECURSION = YES;
				CLANG_WARN_INT_CONVERSION = YES;
				CLANG_WARN_NON_LITERAL_NULL_CONVERSION = YES;
				CLANG_WARN_OBJC_IMPLICIT_RETAIN_SELF = YES;
				CLANG_WARN_OBJC_LITERAL_CONVERSION = YES;
				CLANG_WARN_OBJC_ROOT_CLASS = YES_ERROR;
				CLANG_WARN_QUOTED_INCLUDE_IN_FRAMEWORK_HEADER = YES;
				CLANG_WARN_RANGE_LOOP_ANALYSIS = YES;
				CLANG_WARN_STRICT_PROTOTYPES = YES;
				CLANG_WARN_SUSPICIOUS_MOVE = YES;
				CLANG_WARN_UNGUARDED_AVAILABILITY = YES_AGGRESSIVE;
				CLANG_WARN_UNREACHABLE_CODE = YES;
				CLANG_WARN__DUPLICATE_METHOD_MATCH = YES;
				COPY_PHASE_STRIP = NO;
				DEBUG_INFORMATION_FORMAT = dwarf;
				ENABLE_STRICT_OBJC_MSGSEND = YES;
				ENABLE_TESTABILITY = YES;
				ENABLE_USER_SCRIPT_SANDBOXING = YES;
				GCC_C_LANGUAGE_STANDARD = gnu17;
				GCC_DYNAMIC_NO_PIC = NO;
				GCC_NO_COMMON_BLOCKS = YES;
				GCC_OPTIMIZATION_LEVEL = 0;
				GCC_PREPROCESSOR_DEFINITIONS = (
					"DEBUG=1",
					"$(inherited)",
				);
				GCC_WARN_64_TO_32_BIT_CONVERSION = YES;
				GCC_WARN_ABOUT_RETURN_TYPE = YES_ERROR;
				GCC_WARN_UNDECLARED_SELECTOR = YES;
				GCC_WARN_UNINITIALIZED_AUTOS = YES_AGGRESSIVE;
				GCC_WARN_UNUSED_FUNCTION = YES;
				GCC_WARN_UNUSED_VARIABLE = YES;
				IPHONEOS_DEPLOYMENT_TARGET = 17.0;
				LOCALIZATION_PREFERS_STRING_CATALOGS = YES;
				MTL_ENABLE_DEBUG_INFO = INCLUDE_SOURCE;
				MTL_FAST_MATH = YES;
				ONLY_ACTIVE_ARCH = YES;
				SDKROOT = iphoneos;
				SWIFT_ACTIVE_COMPILATION_CONDITIONS = "DEBUG $(inherited)";
				SWIFT_OPTIMIZATION_LEVEL = "-Onone";
			};
			name = Debug;
		};
		684811882AF90236008D7B51 /* Release */ = {
			isa = XCBuildConfiguration;
			buildSettings = {
				ALWAYS_SEARCH_USER_PATHS = NO;
				ASSETCATALOG_COMPILER_GENERATE_SWIFT_ASSET_SYMBOL_EXTENSIONS = YES;
				CLANG_ANALYZER_NONNULL = YES;
				CLANG_ANALYZER_NUMBER_OBJECT_CONVERSION = YES_AGGRESSIVE;
				CLANG_CXX_LANGUAGE_STANDARD = "gnu++20";
				CLANG_ENABLE_MODULES = YES;
				CLANG_ENABLE_OBJC_ARC = YES;
				CLANG_ENABLE_OBJC_WEAK = YES;
				CLANG_WARN_BLOCK_CAPTURE_AUTORELEASING = YES;
				CLANG_WARN_BOOL_CONVERSION = YES;
				CLANG_WARN_COMMA = YES;
				CLANG_WARN_CONSTANT_CONVERSION = YES;
				CLANG_WARN_DEPRECATED_OBJC_IMPLEMENTATIONS = YES;
				CLANG_WARN_DIRECT_OBJC_ISA_USAGE = YES_ERROR;
				CLANG_WARN_DOCUMENTATION_COMMENTS = YES;
				CLANG_WARN_EMPTY_BODY = YES;
				CLANG_WARN_ENUM_CONVERSION = YES;
				CLANG_WARN_INFINITE_RECURSION = YES;
				CLANG_WARN_INT_CONVERSION = YES;
				CLANG_WARN_NON_LITERAL_NULL_CONVERSION = YES;
				CLANG_WARN_OBJC_IMPLICIT_RETAIN_SELF = YES;
				CLANG_WARN_OBJC_LITERAL_CONVERSION = YES;
				CLANG_WARN_OBJC_ROOT_CLASS = YES_ERROR;
				CLANG_WARN_QUOTED_INCLUDE_IN_FRAMEWORK_HEADER = YES;
				CLANG_WARN_RANGE_LOOP_ANALYSIS = YES;
				CLANG_WARN_STRICT_PROTOTYPES = YES;
				CLANG_WARN_SUSPICIOUS_MOVE = YES;
				CLANG_WARN_UNGUARDED_AVAILABILITY = YES_AGGRESSIVE;
				CLANG_WARN_UNREACHABLE_CODE = YES;
				CLANG_WARN__DUPLICATE_METHOD_MATCH = YES;
				COPY_PHASE_STRIP = NO;
				DEBUG_INFORMATION_FORMAT = "dwarf-with-dsym";
				ENABLE_NS_ASSERTIONS = NO;
				ENABLE_STRICT_OBJC_MSGSEND = YES;
				ENABLE_USER_SCRIPT_SANDBOXING = YES;
				GCC_C_LANGUAGE_STANDARD = gnu17;
				GCC_NO_COMMON_BLOCKS = YES;
				GCC_WARN_64_TO_32_BIT_CONVERSION = YES;
				GCC_WARN_ABOUT_RETURN_TYPE = YES_ERROR;
				GCC_WARN_UNDECLARED_SELECTOR = YES;
				GCC_WARN_UNINITIALIZED_AUTOS = YES_AGGRESSIVE;
				GCC_WARN_UNUSED_FUNCTION = YES;
				GCC_WARN_UNUSED_VARIABLE = YES;
				IPHONEOS_DEPLOYMENT_TARGET = 17.0;
				LOCALIZATION_PREFERS_STRING_CATALOGS = YES;
				MTL_ENABLE_DEBUG_INFO = NO;
				MTL_FAST_MATH = YES;
				SDKROOT = iphoneos;
				SWIFT_COMPILATION_MODE = wholemodule;
				VALIDATE_PRODUCT = YES;
			};
			name = Release;
		};
		6848118A2AF90236008D7B51 /* Debug */ = {
			isa = XCBuildConfiguration;
			buildSettings = {
				ASSETCATALOG_COMPILER_APPICON_NAME = AppIcon;
				ASSETCATALOG_COMPILER_GLOBAL_ACCENT_COLOR_NAME = AccentColor;
				CODE_SIGN_ENTITLEMENTS = 311TEN022/311TEN022.entitlements;
				CODE_SIGN_STYLE = Automatic;
				CURRENT_PROJECT_VERSION = 1;
				DEVELOPMENT_TEAM = W832C4SNYD;
				GENERATE_INFOPLIST_FILE = YES;
				INFOPLIST_FILE = 311TEN022/Info.plist;
				INFOPLIST_KEY_CFBundleDisplayName = "소비채집";
				INFOPLIST_KEY_UIApplicationSupportsIndirectInputEvents = YES;
				INFOPLIST_KEY_UILaunchStoryboardName = LaunchScreen.storyboard;
				INFOPLIST_KEY_UIMainStoryboardFile = Main;
				INFOPLIST_KEY_UISupportedInterfaceOrientations_iPad = "UIInterfaceOrientationPortrait UIInterfaceOrientationPortraitUpsideDown UIInterfaceOrientationLandscapeLeft UIInterfaceOrientationLandscapeRight";
				INFOPLIST_KEY_UISupportedInterfaceOrientations_iPhone = "UIInterfaceOrientationPortrait UIInterfaceOrientationLandscapeLeft UIInterfaceOrientationLandscapeRight";
				LD_RUNPATH_SEARCH_PATHS = (
					"$(inherited)",
					"@executable_path/Frameworks",
				);
				MARKETING_VERSION = 1.0;
				PRODUCT_BUNDLE_IDENTIFIER = "lxxyeon.-11TEN022";
				PRODUCT_NAME = "$(TARGET_NAME)";
				SWIFT_EMIT_LOC_STRINGS = YES;
				SWIFT_VERSION = 5.0;
				TARGETED_DEVICE_FAMILY = "1,2";
			};
			name = Debug;
		};
		6848118B2AF90236008D7B51 /* Release */ = {
			isa = XCBuildConfiguration;
			buildSettings = {
				ASSETCATALOG_COMPILER_APPICON_NAME = AppIcon;
				ASSETCATALOG_COMPILER_GLOBAL_ACCENT_COLOR_NAME = AccentColor;
				CODE_SIGN_ENTITLEMENTS = 311TEN022/311TEN022.entitlements;
				CODE_SIGN_STYLE = Automatic;
				CURRENT_PROJECT_VERSION = 1;
				DEVELOPMENT_TEAM = W832C4SNYD;
				GENERATE_INFOPLIST_FILE = YES;
				INFOPLIST_FILE = 311TEN022/Info.plist;
				INFOPLIST_KEY_CFBundleDisplayName = "소비채집";
				INFOPLIST_KEY_UIApplicationSupportsIndirectInputEvents = YES;
				INFOPLIST_KEY_UILaunchStoryboardName = LaunchScreen.storyboard;
				INFOPLIST_KEY_UIMainStoryboardFile = Main;
				INFOPLIST_KEY_UISupportedInterfaceOrientations_iPad = "UIInterfaceOrientationPortrait UIInterfaceOrientationPortraitUpsideDown UIInterfaceOrientationLandscapeLeft UIInterfaceOrientationLandscapeRight";
				INFOPLIST_KEY_UISupportedInterfaceOrientations_iPhone = "UIInterfaceOrientationPortrait UIInterfaceOrientationLandscapeLeft UIInterfaceOrientationLandscapeRight";
				LD_RUNPATH_SEARCH_PATHS = (
					"$(inherited)",
					"@executable_path/Frameworks",
				);
				MARKETING_VERSION = 1.0;
				PRODUCT_BUNDLE_IDENTIFIER = "lxxyeon.-11TEN022";
				PRODUCT_NAME = "$(TARGET_NAME)";
				SWIFT_EMIT_LOC_STRINGS = YES;
				SWIFT_VERSION = 5.0;
				TARGETED_DEVICE_FAMILY = "1,2";
			};
			name = Release;
		};
		6848118D2AF90236008D7B51 /* Debug */ = {
			isa = XCBuildConfiguration;
			buildSettings = {
				ALWAYS_EMBED_SWIFT_STANDARD_LIBRARIES = YES;
				BUNDLE_LOADER = "$(TEST_HOST)";
				CODE_SIGN_STYLE = Automatic;
				CURRENT_PROJECT_VERSION = 1;
				DEVELOPMENT_TEAM = W832C4SNYD;
				GENERATE_INFOPLIST_FILE = YES;
				IPHONEOS_DEPLOYMENT_TARGET = 17.0;
				MARKETING_VERSION = 1.0;
				PRODUCT_BUNDLE_IDENTIFIER = "lxxyeon.-11TEN022Tests";
				PRODUCT_NAME = "$(TARGET_NAME)";
				SWIFT_EMIT_LOC_STRINGS = NO;
				SWIFT_VERSION = 5.0;
				TARGETED_DEVICE_FAMILY = "1,2";
				TEST_HOST = "$(BUILT_PRODUCTS_DIR)/311TEN022.app/$(BUNDLE_EXECUTABLE_FOLDER_PATH)/311TEN022";
			};
			name = Debug;
		};
		6848118E2AF90236008D7B51 /* Release */ = {
			isa = XCBuildConfiguration;
			buildSettings = {
				ALWAYS_EMBED_SWIFT_STANDARD_LIBRARIES = YES;
				BUNDLE_LOADER = "$(TEST_HOST)";
				CODE_SIGN_STYLE = Automatic;
				CURRENT_PROJECT_VERSION = 1;
				DEVELOPMENT_TEAM = W832C4SNYD;
				GENERATE_INFOPLIST_FILE = YES;
				IPHONEOS_DEPLOYMENT_TARGET = 17.0;
				MARKETING_VERSION = 1.0;
				PRODUCT_BUNDLE_IDENTIFIER = "lxxyeon.-11TEN022Tests";
				PRODUCT_NAME = "$(TARGET_NAME)";
				SWIFT_EMIT_LOC_STRINGS = NO;
				SWIFT_VERSION = 5.0;
				TARGETED_DEVICE_FAMILY = "1,2";
				TEST_HOST = "$(BUILT_PRODUCTS_DIR)/311TEN022.app/$(BUNDLE_EXECUTABLE_FOLDER_PATH)/311TEN022";
			};
			name = Release;
		};
		684811902AF90236008D7B51 /* Debug */ = {
			isa = XCBuildConfiguration;
			buildSettings = {
				ALWAYS_EMBED_SWIFT_STANDARD_LIBRARIES = YES;
				CODE_SIGN_STYLE = Automatic;
				CURRENT_PROJECT_VERSION = 1;
				DEVELOPMENT_TEAM = W832C4SNYD;
				GENERATE_INFOPLIST_FILE = YES;
				MARKETING_VERSION = 1.0;
				PRODUCT_BUNDLE_IDENTIFIER = "lxxyeon.-11TEN022UITests";
				PRODUCT_NAME = "$(TARGET_NAME)";
				SWIFT_EMIT_LOC_STRINGS = NO;
				SWIFT_VERSION = 5.0;
				TARGETED_DEVICE_FAMILY = "1,2";
				TEST_TARGET_NAME = 311TEN022;
			};
			name = Debug;
		};
		684811912AF90236008D7B51 /* Release */ = {
			isa = XCBuildConfiguration;
			buildSettings = {
				ALWAYS_EMBED_SWIFT_STANDARD_LIBRARIES = YES;
				CODE_SIGN_STYLE = Automatic;
				CURRENT_PROJECT_VERSION = 1;
				DEVELOPMENT_TEAM = W832C4SNYD;
				GENERATE_INFOPLIST_FILE = YES;
				MARKETING_VERSION = 1.0;
				PRODUCT_BUNDLE_IDENTIFIER = "lxxyeon.-11TEN022UITests";
				PRODUCT_NAME = "$(TARGET_NAME)";
				SWIFT_EMIT_LOC_STRINGS = NO;
				SWIFT_VERSION = 5.0;
				TARGETED_DEVICE_FAMILY = "1,2";
				TEST_TARGET_NAME = 311TEN022;
			};
			name = Release;
		};
/* End XCBuildConfiguration section */

/* Begin XCConfigurationList section */
		6848115A2AF90232008D7B51 /* Build configuration list for PBXProject "311TEN022" */ = {
			isa = XCConfigurationList;
			buildConfigurations = (
				684811872AF90236008D7B51 /* Debug */,
				684811882AF90236008D7B51 /* Release */,
			);
			defaultConfigurationIsVisible = 0;
			defaultConfigurationName = Release;
		};
		684811892AF90236008D7B51 /* Build configuration list for PBXNativeTarget "311TEN022" */ = {
			isa = XCConfigurationList;
			buildConfigurations = (
				6848118A2AF90236008D7B51 /* Debug */,
				6848118B2AF90236008D7B51 /* Release */,
			);
			defaultConfigurationIsVisible = 0;
			defaultConfigurationName = Release;
		};
		6848118C2AF90236008D7B51 /* Build configuration list for PBXNativeTarget "311TEN022Tests" */ = {
			isa = XCConfigurationList;
			buildConfigurations = (
				6848118D2AF90236008D7B51 /* Debug */,
				6848118E2AF90236008D7B51 /* Release */,
			);
			defaultConfigurationIsVisible = 0;
			defaultConfigurationName = Release;
		};
		6848118F2AF90236008D7B51 /* Build configuration list for PBXNativeTarget "311TEN022UITests" */ = {
			isa = XCConfigurationList;
			buildConfigurations = (
				684811902AF90236008D7B51 /* Debug */,
				684811912AF90236008D7B51 /* Release */,
			);
			defaultConfigurationIsVisible = 0;
			defaultConfigurationName = Release;
		};
/* End XCConfigurationList section */

/* Begin XCRemoteSwiftPackageReference section */
		687E77A72AF9115D007C9275 /* XCRemoteSwiftPackageReference "kakao-ios-sdk" */ = {
			isa = XCRemoteSwiftPackageReference;
			repositoryURL = "https://github.com/kakao/kakao-ios-sdk";
			requirement = {
				kind = upToNextMajorVersion;
				minimumVersion = 2.18.2;
			};
		};
		689984862AFFA3C7007E0F60 /* XCRemoteSwiftPackageReference "Charts" */ = {
			isa = XCRemoteSwiftPackageReference;
			repositoryURL = "https://github.com/danielgindi/Charts.git";
			requirement = {
				kind = upToNextMajorVersion;
				minimumVersion = 5.0.0;
			};
		};
/* End XCRemoteSwiftPackageReference section */

/* Begin XCSwiftPackageProductDependency section */
		687E77A82AF9115D007C9275 /* KakaoSDKAuth */ = {
			isa = XCSwiftPackageProductDependency;
			package = 687E77A72AF9115D007C9275 /* XCRemoteSwiftPackageReference "kakao-ios-sdk" */;
			productName = KakaoSDKAuth;
		};
		687E77AA2AF9115D007C9275 /* KakaoSDKCommon */ = {
			isa = XCSwiftPackageProductDependency;
			package = 687E77A72AF9115D007C9275 /* XCRemoteSwiftPackageReference "kakao-ios-sdk" */;
			productName = KakaoSDKCommon;
		};
		687E77AC2AF9115D007C9275 /* KakaoSDKUser */ = {
			isa = XCSwiftPackageProductDependency;
			package = 687E77A72AF9115D007C9275 /* XCRemoteSwiftPackageReference "kakao-ios-sdk" */;
			productName = KakaoSDKUser;
		};
		689984872AFFA3C7007E0F60 /* DGCharts */ = {
			isa = XCSwiftPackageProductDependency;
			package = 689984862AFFA3C7007E0F60 /* XCRemoteSwiftPackageReference "Charts" */;
			productName = DGCharts;
		};
/* End XCSwiftPackageProductDependency section */
	};
	rootObject = 684811572AF90232008D7B51 /* Project object */;
}
